// !$*UTF8*$!
{
	archiveVersion = 1;
	classes = {
	};
	objectVersion = 50;
	objects = {

/* Begin PBXBuildFile section */
		62BCFD6422140F7800CE0C10 /* AppDelegate.swift in Sources */ = {isa = PBXBuildFile; fileRef = 62BCFD6322140F7800CE0C10 /* AppDelegate.swift */; };
		62BCFD6922140F7800CE0C10 /* Main.storyboard in Resources */ = {isa = PBXBuildFile; fileRef = 62BCFD6722140F7800CE0C10 /* Main.storyboard */; };
		62BCFD6B22140F7800CE0C10 /* Assets.xcassets in Resources */ = {isa = PBXBuildFile; fileRef = 62BCFD6A22140F7800CE0C10 /* Assets.xcassets */; };
		62BCFD6E22140F7800CE0C10 /* LaunchScreen.storyboard in Resources */ = {isa = PBXBuildFile; fileRef = 62BCFD6C22140F7800CE0C10 /* LaunchScreen.storyboard */; };
		62BCFD7922140F7900CE0C10 /* secondexoTests.swift in Sources */ = {isa = PBXBuildFile; fileRef = 62BCFD7822140F7900CE0C10 /* secondexoTests.swift */; };
		62BCFD8422140F7900CE0C10 /* secondexoUITests.swift in Sources */ = {isa = PBXBuildFile; fileRef = 62BCFD8322140F7900CE0C10 /* secondexoUITests.swift */; };
		62BCFD9222140FAB00CE0C10 /* MyselfViewController.swift in Sources */ = {isa = PBXBuildFile; fileRef = 62BCFD9122140FAB00CE0C10 /* MyselfViewController.swift */; };
/* End PBXBuildFile section */

/* Begin PBXContainerItemProxy section */
		62BCFD7522140F7900CE0C10 /* PBXContainerItemProxy */ = {
			isa = PBXContainerItemProxy;
			containerPortal = 62BCFD5822140F7800CE0C10 /* Project object */;
			proxyType = 1;
			remoteGlobalIDString = 62BCFD5F22140F7800CE0C10;
			remoteInfo = secondexo;
		};
		62BCFD8022140F7900CE0C10 /* PBXContainerItemProxy */ = {
			isa = PBXContainerItemProxy;
			containerPortal = 62BCFD5822140F7800CE0C10 /* Project object */;
			proxyType = 1;
			remoteGlobalIDString = 62BCFD5F22140F7800CE0C10;
			remoteInfo = secondexo;
		};
/* End PBXContainerItemProxy section */

/* Begin PBXFileReference section */
		62BCFD6022140F7800CE0C10 /* secondexo.app */ = {isa = PBXFileReference; explicitFileType = wrapper.application; includeInIndex = 0; path = secondexo.app; sourceTree = BUILT_PRODUCTS_DIR; };
		62BCFD6322140F7800CE0C10 /* AppDelegate.swift */ = {isa = PBXFileReference; lastKnownFileType = sourcecode.swift; path = AppDelegate.swift; sourceTree = "<group>"; };
		62BCFD6822140F7800CE0C10 /* Base */ = {isa = PBXFileReference; lastKnownFileType = file.storyboard; name = Base; path = Base.lproj/Main.storyboard; sourceTree = "<group>"; };
		62BCFD6A22140F7800CE0C10 /* Assets.xcassets */ = {isa = PBXFileReference; lastKnownFileType = folder.assetcatalog; path = Assets.xcassets; sourceTree = "<group>"; };
		62BCFD6D22140F7800CE0C10 /* Base */ = {isa = PBXFileReference; lastKnownFileType = file.storyboard; name = Base; path = Base.lproj/LaunchScreen.storyboard; sourceTree = "<group>"; };
		62BCFD6F22140F7800CE0C10 /* Info.plist */ = {isa = PBXFileReference; lastKnownFileType = text.plist.xml; path = Info.plist; sourceTree = "<group>"; };
		62BCFD7422140F7900CE0C10 /* secondexoTests.xctest */ = {isa = PBXFileReference; explicitFileType = wrapper.cfbundle; includeInIndex = 0; path = secondexoTests.xctest; sourceTree = BUILT_PRODUCTS_DIR; };
		62BCFD7822140F7900CE0C10 /* secondexoTests.swift */ = {isa = PBXFileReference; lastKnownFileType = sourcecode.swift; path = secondexoTests.swift; sourceTree = "<group>"; };
		62BCFD7A22140F7900CE0C10 /* Info.plist */ = {isa = PBXFileReference; lastKnownFileType = text.plist.xml; path = Info.plist; sourceTree = "<group>"; };
		62BCFD7F22140F7900CE0C10 /* secondexoUITests.xctest */ = {isa = PBXFileReference; explicitFileType = wrapper.cfbundle; includeInIndex = 0; path = secondexoUITests.xctest; sourceTree = BUILT_PRODUCTS_DIR; };
		62BCFD8322140F7900CE0C10 /* secondexoUITests.swift */ = {isa = PBXFileReference; lastKnownFileType = sourcecode.swift; path = secondexoUITests.swift; sourceTree = "<group>"; };
		62BCFD8522140F7900CE0C10 /* Info.plist */ = {isa = PBXFileReference; lastKnownFileType = text.plist.xml; path = Info.plist; sourceTree = "<group>"; };
		62BCFD9122140FAB00CE0C10 /* MyselfViewController.swift */ = {isa = PBXFileReference; lastKnownFileType = sourcecode.swift; path = MyselfViewController.swift; sourceTree = "<group>"; };
/* End PBXFileReference section */

/* Begin PBXFrameworksBuildPhase section */
		62BCFD5D22140F7800CE0C10 /* Frameworks */ = {
			isa = PBXFrameworksBuildPhase;
			buildActionMask = 2147483647;
			files = (
			);
			runOnlyForDeploymentPostprocessing = 0;
		};
		62BCFD7122140F7900CE0C10 /* Frameworks */ = {
			isa = PBXFrameworksBuildPhase;
			buildActionMask = 2147483647;
			files = (
			);
			runOnlyForDeploymentPostprocessing = 0;
		};
		62BCFD7C22140F7900CE0C10 /* Frameworks */ = {
			isa = PBXFrameworksBuildPhase;
			buildActionMask = 2147483647;
			files = (
			);
			runOnlyForDeploymentPostprocessing = 0;
		};
/* End PBXFrameworksBuildPhase section */

/* Begin PBXGroup section */
		62BCFD5722140F7800CE0C10 = {
			isa = PBXGroup;
			children = (
				62BCFD6222140F7800CE0C10 /* secondexo */,
				62BCFD7722140F7900CE0C10 /* secondexoTests */,
				62BCFD8222140F7900CE0C10 /* secondexoUITests */,
				62BCFD6122140F7800CE0C10 /* Products */,
			);
			sourceTree = "<group>";
		};
		62BCFD6122140F7800CE0C10 /* Products */ = {
			isa = PBXGroup;
			children = (
				62BCFD6022140F7800CE0C10 /* secondexo.app */,
				62BCFD7422140F7900CE0C10 /* secondexoTests.xctest */,
				62BCFD7F22140F7900CE0C10 /* secondexoUITests.xctest */,
			);
			name = Products;
			sourceTree = "<group>";
		};
		62BCFD6222140F7800CE0C10 /* secondexo */ = {
			isa = PBXGroup;
			children = (
				62BCFD6322140F7800CE0C10 /* AppDelegate.swift */,
				62BCFD6722140F7800CE0C10 /* Main.storyboard */,
				62BCFD6A22140F7800CE0C10 /* Assets.xcassets */,
				62BCFD6C22140F7800CE0C10 /* LaunchScreen.storyboard */,
				62BCFD6F22140F7800CE0C10 /* Info.plist */,
				62BCFD9122140FAB00CE0C10 /* MyselfViewController.swift */,
			);
			path = secondexo;
			sourceTree = "<group>";
		};
		62BCFD7722140F7900CE0C10 /* secondexoTests */ = {
			isa = PBXGroup;
			children = (
				62BCFD7822140F7900CE0C10 /* secondexoTests.swift */,
				62BCFD7A22140F7900CE0C10 /* Info.plist */,
			);
			path = secondexoTests;
			sourceTree = "<group>";
		};
		62BCFD8222140F7900CE0C10 /* secondexoUITests */ = {
			isa = PBXGroup;
			children = (
				62BCFD8322140F7900CE0C10 /* secondexoUITests.swift */,
				62BCFD8522140F7900CE0C10 /* Info.plist */,
			);
			path = secondexoUITests;
			sourceTree = "<group>";
		};
/* End PBXGroup section */

/* Begin PBXNativeTarget section */
		62BCFD5F22140F7800CE0C10 /* secondexo */ = {
			isa = PBXNativeTarget;
			buildConfigurationList = 62BCFD8822140F7900CE0C10 /* Build configuration list for PBXNativeTarget "secondexo" */;
			buildPhases = (
				62BCFD5C22140F7800CE0C10 /* Sources */,
				62BCFD5D22140F7800CE0C10 /* Frameworks */,
				62BCFD5E22140F7800CE0C10 /* Resources */,
			);
			buildRules = (
			);
			dependencies = (
			);
			name = secondexo;
			productName = secondexo;
			productReference = 62BCFD6022140F7800CE0C10 /* secondexo.app */;
			productType = "com.apple.product-type.application";
		};
		62BCFD7322140F7900CE0C10 /* secondexoTests */ = {
			isa = PBXNativeTarget;
			buildConfigurationList = 62BCFD8B22140F7900CE0C10 /* Build configuration list for PBXNativeTarget "secondexoTests" */;
			buildPhases = (
				62BCFD7022140F7900CE0C10 /* Sources */,
				62BCFD7122140F7900CE0C10 /* Frameworks */,
				62BCFD7222140F7900CE0C10 /* Resources */,
			);
			buildRules = (
			);
			dependencies = (
				62BCFD7622140F7900CE0C10 /* PBXTargetDependency */,
			);
			name = secondexoTests;
			productName = secondexoTests;
			productReference = 62BCFD7422140F7900CE0C10 /* secondexoTests.xctest */;
			productType = "com.apple.product-type.bundle.unit-test";
		};
		62BCFD7E22140F7900CE0C10 /* secondexoUITests */ = {
			isa = PBXNativeTarget;
			buildConfigurationList = 62BCFD8E22140F7900CE0C10 /* Build configuration list for PBXNativeTarget "secondexoUITests" */;
			buildPhases = (
				62BCFD7B22140F7900CE0C10 /* Sources */,
				62BCFD7C22140F7900CE0C10 /* Frameworks */,
				62BCFD7D22140F7900CE0C10 /* Resources */,
			);
			buildRules = (
			);
			dependencies = (
				62BCFD8122140F7900CE0C10 /* PBXTargetDependency */,
			);
			name = secondexoUITests;
			productName = secondexoUITests;
			productReference = 62BCFD7F22140F7900CE0C10 /* secondexoUITests.xctest */;
			productType = "com.apple.product-type.bundle.ui-testing";
		};
/* End PBXNativeTarget section */

/* Begin PBXProject section */
		62BCFD5822140F7800CE0C10 /* Project object */ = {
			isa = PBXProject;
			attributes = {
				LastSwiftUpdateCheck = 1010;
				LastUpgradeCheck = 1010;
				ORGANIZATIONNAME = efrei;
				TargetAttributes = {
					62BCFD5F22140F7800CE0C10 = {
						CreatedOnToolsVersion = 10.1;
					};
					62BCFD7322140F7900CE0C10 = {
						CreatedOnToolsVersion = 10.1;
						TestTargetID = 62BCFD5F22140F7800CE0C10;
					};
					62BCFD7E22140F7900CE0C10 = {
						CreatedOnToolsVersion = 10.1;
						TestTargetID = 62BCFD5F22140F7800CE0C10;
					};
				};
			};
			buildConfigurationList = 62BCFD5B22140F7800CE0C10 /* Build configuration list for PBXProject "secondexo" */;
			compatibilityVersion = "Xcode 9.3";
			developmentRegion = en;
			hasScannedForEncodings = 0;
			knownRegions = (
				en,
				Base,
			);
			mainGroup = 62BCFD5722140F7800CE0C10;
			productRefGroup = 62BCFD6122140F7800CE0C10 /* Products */;
			projectDirPath = "";
			projectRoot = "";
			targets = (
				62BCFD5F22140F7800CE0C10 /* secondexo */,
				62BCFD7322140F7900CE0C10 /* secondexoTests */,
				62BCFD7E22140F7900CE0C10 /* secondexoUITests */,
			);
		};
/* End PBXProject section */

/* Begin PBXResourcesBuildPhase section */
		62BCFD5E22140F7800CE0C10 /* Resources */ = {
			isa = PBXResourcesBuildPhase;
			buildActionMask = 2147483647;
			files = (
				62BCFD6E22140F7800CE0C10 /* LaunchScreen.storyboard in Resources */,
				62BCFD6B22140F7800CE0C10 /* Assets.xcassets in Resources */,
				62BCFD6922140F7800CE0C10 /* Main.storyboard in Resources */,
			);
			runOnlyForDeploymentPostprocessing = 0;
		};
		62BCFD7222140F7900CE0C10 /* Resources */ = {
			isa = PBXResourcesBuildPhase;
			buildActionMask = 2147483647;
			files = (
			);
			runOnlyForDeploymentPostprocessing = 0;
		};
		62BCFD7D22140F7900CE0C10 /* Resources */ = {
			isa = PBXResourcesBuildPhase;
			buildActionMask = 2147483647;
			files = (
			);
			runOnlyForDeploymentPostprocessing = 0;
		};
/* End PBXResourcesBuildPhase section */

/* Begin PBXSourcesBuildPhase section */
		62BCFD5C22140F7800CE0C10 /* Sources */ = {
			isa = PBXSourcesBuildPhase;
			buildActionMask = 2147483647;
			files = (
				62BCFD6422140F7800CE0C10 /* AppDelegate.swift in Sources */,
				62BCFD9222140FAB00CE0C10 /* MyselfViewController.swift in Sources */,
			);
			runOnlyForDeploymentPostprocessing = 0;
		};
		62BCFD7022140F7900CE0C10 /* Sources */ = {
			isa = PBXSourcesBuildPhase;
			buildActionMask = 2147483647;
			files = (
				62BCFD7922140F7900CE0C10 /* secondexoTests.swift in Sources */,
			);
			runOnlyForDeploymentPostprocessing = 0;
		};
		62BCFD7B22140F7900CE0C10 /* Sources */ = {
			isa = PBXSourcesBuildPhase;
			buildActionMask = 2147483647;
			files = (
				62BCFD8422140F7900CE0C10 /* secondexoUITests.swift in Sources */,
			);
			runOnlyForDeploymentPostprocessing = 0;
		};
/* End PBXSourcesBuildPhase section */

/* Begin PBXTargetDependency section */
		62BCFD7622140F7900CE0C10 /* PBXTargetDependency */ = {
			isa = PBXTargetDependency;
			target = 62BCFD5F22140F7800CE0C10 /* secondexo */;
			targetProxy = 62BCFD7522140F7900CE0C10 /* PBXContainerItemProxy */;
		};
		62BCFD8122140F7900CE0C10 /* PBXTargetDependency */ = {
			isa = PBXTargetDependency;
			target = 62BCFD5F22140F7800CE0C10 /* secondexo */;
			targetProxy = 62BCFD8022140F7900CE0C10 /* PBXContainerItemProxy */;
		};
/* End PBXTargetDependency section */

/* Begin PBXVariantGroup section */
		62BCFD6722140F7800CE0C10 /* Main.storyboard */ = {
			isa = PBXVariantGroup;
			children = (
				62BCFD6822140F7800CE0C10 /* Base */,
			);
			name = Main.storyboard;
			sourceTree = "<group>";
		};
		62BCFD6C22140F7800CE0C10 /* LaunchScreen.storyboard */ = {
			isa = PBXVariantGroup;
			children = (
				62BCFD6D22140F7800CE0C10 /* Base */,
			);
			name = LaunchScreen.storyboard;
			sourceTree = "<group>";
		};
/* End PBXVariantGroup section */

/* Begin XCBuildConfiguration section */
		62BCFD8622140F7900CE0C10 /* Debug */ = {
			isa = XCBuildConfiguration;
			buildSettings = {
				ALWAYS_SEARCH_USER_PATHS = NO;
				CLANG_ANALYZER_NONNULL = YES;
				CLANG_ANALYZER_NUMBER_OBJECT_CONVERSION = YES_AGGRESSIVE;
				CLANG_CXX_LANGUAGE_STANDARD = "gnu++14";
				CLANG_CXX_LIBRARY = "libc++";
				CLANG_ENABLE_MODULES = YES;
				CLANG_ENABLE_OBJC_ARC = YES;
				CLANG_ENABLE_OBJC_WEAK = YES;
				CLANG_WARN_BLOCK_CAPTURE_AUTORELEASING = YES;
				CLANG_WARN_BOOL_CONVERSION = YES;
				CLANG_WARN_COMMA = YES;
				CLANG_WARN_CONSTANT_CONVERSION = YES;
				CLANG_WARN_DEPRECATED_OBJC_IMPLEMENTATIONS = YES;
				CLANG_WARN_DIRECT_OBJC_ISA_USAGE = YES_ERROR;
				CLANG_WARN_DOCUMENTATION_COMMENTS = YES;
				CLANG_WARN_EMPTY_BODY = YES;
				CLANG_WARN_ENUM_CONVERSION = YES;
				CLANG_WARN_INFINITE_RECURSION = YES;
				CLANG_WARN_INT_CONVERSION = YES;
				CLANG_WARN_NON_LITERAL_NULL_CONVERSION = YES;
				CLANG_WARN_OBJC_IMPLICIT_RETAIN_SELF = YES;
				CLANG_WARN_OBJC_LITERAL_CONVERSION = YES;
				CLANG_WARN_OBJC_ROOT_CLASS = YES_ERROR;
				CLANG_WARN_RANGE_LOOP_ANALYSIS = YES;
				CLANG_WARN_STRICT_PROTOTYPES = YES;
				CLANG_WARN_SUSPICIOUS_MOVE = YES;
				CLANG_WARN_UNGUARDED_AVAILABILITY = YES_AGGRESSIVE;
				CLANG_WARN_UNREACHABLE_CODE = YES;
				CLANG_WARN__DUPLICATE_METHOD_MATCH = YES;
				CODE_SIGN_IDENTITY = "iPhone Developer";
				COPY_PHASE_STRIP = NO;
				DEBUG_INFORMATION_FORMAT = dwarf;
				ENABLE_STRICT_OBJC_MSGSEND = YES;
				ENABLE_TESTABILITY = YES;
				GCC_C_LANGUAGE_STANDARD = gnu11;
				GCC_DYNAMIC_NO_PIC = NO;
				GCC_NO_COMMON_BLOCKS = YES;
				GCC_OPTIMIZATION_LEVEL = 0;
				GCC_PREPROCESSOR_DEFINITIONS = (
					"DEBUG=1",
					"$(inherited)",
				);
				GCC_WARN_64_TO_32_BIT_CONVERSION = YES;
				GCC_WARN_ABOUT_RETURN_TYPE = YES_ERROR;
				GCC_WARN_UNDECLARED_SELECTOR = YES;
				GCC_WARN_UNINITIALIZED_AUTOS = YES_AGGRESSIVE;
				GCC_WARN_UNUSED_FUNCTION = YES;
				GCC_WARN_UNUSED_VARIABLE = YES;
				IPHONEOS_DEPLOYMENT_TARGET = 12.1;
				MTL_ENABLE_DEBUG_INFO = INCLUDE_SOURCE;
				MTL_FAST_MATH = YES;
				ONLY_ACTIVE_ARCH = YES;
				SDKROOT = iphoneos;
				SWIFT_ACTIVE_COMPILATION_CONDITIONS = DEBUG;
				SWIFT_OPTIMIZATION_LEVEL = "-Onone";
			};
			name = Debug;
		};
		62BCFD8722140F7900CE0C10 /* Release */ = {
			isa = XCBuildConfiguration;
			buildSettings = {
				ALWAYS_SEARCH_USER_PATHS = NO;
				CLANG_ANALYZER_NONNULL = YES;
				CLANG_ANALYZER_NUMBER_OBJECT_CONVERSION = YES_AGGRESSIVE;
				CLANG_CXX_LANGUAGE_STANDARD = "gnu++14";
				CLANG_CXX_LIBRARY = "libc++";
				CLANG_ENABLE_MODULES = YES;
				CLANG_ENABLE_OBJC_ARC = YES;
				CLANG_ENABLE_OBJC_WEAK = YES;
				CLANG_WARN_BLOCK_CAPTURE_AUTORELEASING = YES;
				CLANG_WARN_BOOL_CONVERSION = YES;
				CLANG_WARN_COMMA = YES;
				CLANG_WARN_CONSTANT_CONVERSION = YES;
				CLANG_WARN_DEPRECATED_OBJC_IMPLEMENTATIONS = YES;
				CLANG_WARN_DIRECT_OBJC_ISA_USAGE = YES_ERROR;
				CLANG_WARN_DOCUMENTATION_COMMENTS = YES;
				CLANG_WARN_EMPTY_BODY = YES;
				CLANG_WARN_ENUM_CONVERSION = YES;
				CLANG_WARN_INFINITE_RECURSION = YES;
				CLANG_WARN_INT_CONVERSION = YES;
				CLANG_WARN_NON_LITERAL_NULL_CONVERSION = YES;
				CLANG_WARN_OBJC_IMPLICIT_RETAIN_SELF = YES;
				CLANG_WARN_OBJC_LITERAL_CONVERSION = YES;
				CLANG_WARN_OBJC_ROOT_CLASS = YES_ERROR;
				CLANG_WARN_RANGE_LOOP_ANALYSIS = YES;
				CLANG_WARN_STRICT_PROTOTYPES = YES;
				CLANG_WARN_SUSPICIOUS_MOVE = YES;
				CLANG_WARN_UNGUARDED_AVAILABILITY = YES_AGGRESSIVE;
				CLANG_WARN_UNREACHABLE_CODE = YES;
				CLANG_WARN__DUPLICATE_METHOD_MATCH = YES;
				CODE_SIGN_IDENTITY = "iPhone Developer";
				COPY_PHASE_STRIP = NO;
				DEBUG_INFORMATION_FORMAT = "dwarf-with-dsym";
				ENABLE_NS_ASSERTIONS = NO;
				ENABLE_STRICT_OBJC_MSGSEND = YES;
				GCC_C_LANGUAGE_STANDARD = gnu11;
				GCC_NO_COMMON_BLOCKS = YES;
				GCC_WARN_64_TO_32_BIT_CONVERSION = YES;
				GCC_WARN_ABOUT_RETURN_TYPE = YES_ERROR;
				GCC_WARN_UNDECLARED_SELECTOR = YES;
				GCC_WARN_UNINITIALIZED_AUTOS = YES_AGGRESSIVE;
				GCC_WARN_UNUSED_FUNCTION = YES;
				GCC_WARN_UNUSED_VARIABLE = YES;
				IPHONEOS_DEPLOYMENT_TARGET = 12.1;
				MTL_ENABLE_DEBUG_INFO = NO;
				MTL_FAST_MATH = YES;
				SDKROOT = iphoneos;
				SWIFT_COMPILATION_MODE = wholemodule;
				SWIFT_OPTIMIZATION_LEVEL = "-O";
				VALIDATE_PRODUCT = YES;
			};
			name = Release;
		};
		62BCFD8922140F7900CE0C10 /* Debug */ = {
			isa = XCBuildConfiguration;
			buildSettings = {
				ASSETCATALOG_COMPILER_APPICON_NAME = AppIcon;
				CODE_SIGN_STYLE = Automatic;
				INFOPLIST_FILE = secondexo/Info.plist;
				LD_RUNPATH_SEARCH_PATHS = (
					"$(inherited)",
					"@executable_path/Frameworks",
				);
				PRODUCT_BUNDLE_IDENTIFIER = peter.secondexo;
				PRODUCT_NAME = "$(TARGET_NAME)";
				SWIFT_VERSION = 4.2;
				TARGETED_DEVICE_FAMILY = "1,2";
			};
			name = Debug;
		};
		62BCFD8A22140F7900CE0C10 /* Release */ = {
			isa = XCBuildConfiguration;
			buildSettings = {
				ASSETCATALOG_COMPILER_APPICON_NAME = AppIcon;
				CODE_SIGN_STYLE = Automatic;
				INFOPLIST_FILE = secondexo/Info.plist;
				LD_RUNPATH_SEARCH_PATHS = (
					"$(inherited)",
					"@executable_path/Frameworks",
				);
				PRODUCT_BUNDLE_IDENTIFIER = peter.secondexo;
				PRODUCT_NAME = "$(TARGET_NAME)";
				SWIFT_VERSION = 4.2;
				TARGETED_DEVICE_FAMILY = "1,2";
			};
			name = Release;
		};
		62BCFD8C22140F7900CE0C10 /* Debug */ = {
			isa = XCBuildConfiguration;
			buildSettings = {
				ALWAYS_EMBED_SWIFT_STANDARD_LIBRARIES = YES;
				BUNDLE_LOADER = "$(TEST_HOST)";
				CODE_SIGN_STYLE = Automatic;
				INFOPLIST_FILE = secondexoTests/Info.plist;
				LD_RUNPATH_SEARCH_PATHS = (
					"$(inherited)",
					"@executable_path/Frameworks",
					"@loader_path/Frameworks",
				);
				PRODUCT_BUNDLE_IDENTIFIER = peter.secondexoTests;
				PRODUCT_NAME = "$(TARGET_NAME)";
				SWIFT_VERSION = 4.2;
				TARGETED_DEVICE_FAMILY = "1,2";
				TEST_HOST = "$(BUILT_PRODUCTS_DIR)/secondexo.app/secondexo";
			};
			name = Debug;
		};
		62BCFD8D22140F7900CE0C10 /* Release */ = {
			isa = XCBuildConfiguration;
			buildSettings = {
				ALWAYS_EMBED_SWIFT_STANDARD_LIBRARIES = YES;
				BUNDLE_LOADER = "$(TEST_HOST)";
				CODE_SIGN_STYLE = Automatic;
				INFOPLIST_FILE = secondexoTests/Info.plist;
				LD_RUNPATH_SEARCH_PATHS = (
					"$(inherited)",
					"@executable_path/Frameworks",
					"@loader_path/Frameworks",
				);
				PRODUCT_BUNDLE_IDENTIFIER = peter.secondexoTests;
				PRODUCT_NAME = "$(TARGET_NAME)";
				SWIFT_VERSION = 4.2;
				TARGETED_DEVICE_FAMILY = "1,2";
				TEST_HOST = "$(BUILT_PRODUCTS_DIR)/secondexo.app/secondexo";
			};
			name = Release;
		};
		62BCFD8F22140F7900CE0C10 /* Debug */ = {
			isa = XCBuildConfiguration;
			buildSettings = {
				ALWAYS_EMBED_SWIFT_STANDARD_LIBRARIES = YES;
				CODE_SIGN_STYLE = Automatic;
				INFOPLIST_FILE = secondexoUITests/Info.plist;
				LD_RUNPATH_SEARCH_PATHS = (
					"$(inherited)",
					"@executable_path/Frameworks",
					"@loader_path/Frameworks",
				);
				PRODUCT_BUNDLE_IDENTIFIER = peter.secondexoUITests;
				PRODUCT_NAME = "$(TARGET_NAME)";
				SWIFT_VERSION = 4.2;
				TARGETED_DEVICE_FAMILY = "1,2";
				TEST_TARGET_NAME = secondexo;
			};
			name = Debug;
		};
		62BCFD9022140F7900CE0C10 /* Release */ = {
			isa = XCBuildConfiguration;
			buildSettings = {
				ALWAYS_EMBED_SWIFT_STANDARD_LIBRARIES = YES;
				CODE_SIGN_STYLE = Automatic;
				INFOPLIST_FILE = secondexoUITests/Info.plist;
				LD_RUNPATH_SEARCH_PATHS = (
					"$(inherited)",
					"@executable_path/Frameworks",
					"@loader_path/Frameworks",
				);
				PRODUCT_BUNDLE_IDENTIFIER = peter.secondexoUITests;
				PRODUCT_NAME = "$(TARGET_NAME)";
				SWIFT_VERSION = 4.2;
				TARGETED_DEVICE_FAMILY = "1,2";
				TEST_TARGET_NAME = secondexo;
			};
			name = Release;
		};
/* End XCBuildConfiguration section */

/* Begin XCConfigurationList section */
		62BCFD5B22140F7800CE0C10 /* Build configuration list for PBXProject "secondexo" */ = {
			isa = XCConfigurationList;
			buildConfigurations = (
				62BCFD8622140F7900CE0C10 /* Debug */,
				62BCFD8722140F7900CE0C10 /* Release */,
			);
			defaultConfigurationIsVisible = 0;
			defaultConfigurationName = Release;
		};
		62BCFD8822140F7900CE0C10 /* Build configuration list for PBXNativeTarget "secondexo" */ = {
			isa = XCConfigurationList;
			buildConfigurations = (
				62BCFD8922140F7900CE0C10 /* Debug */,
				62BCFD8A22140F7900CE0C10 /* Release */,
			);
			defaultConfigurationIsVisible = 0;
			defaultConfigurationName = Release;
		};
		62BCFD8B22140F7900CE0C10 /* Build configuration list for PBXNativeTarget "secondexoTests" */ = {
			isa = XCConfigurationList;
			buildConfigurations = (
				62BCFD8C22140F7900CE0C10 /* Debug */,
				62BCFD8D22140F7900CE0C10 /* Release */,
			);
			defaultConfigurationIsVisible = 0;
			defaultConfigurationName = Release;
		};
		62BCFD8E22140F7900CE0C10 /* Build configuration list for PBXNativeTarget "secondexoUITests" */ = {
			isa = XCConfigurationList;
			buildConfigurations = (
				62BCFD8F22140F7900CE0C10 /* Debug */,
				62BCFD9022140F7900CE0C10 /* Release */,
			);
			defaultConfigurationIsVisible = 0;
			defaultConfigurationName = Release;
		};
/* End XCConfigurationList section */
	};
	rootObject = 62BCFD5822140F7800CE0C10 /* Project object */;
}
