// !$*UTF8*$!
{
	archiveVersion = 1;
	classes = {
	};
	objectVersion = 50;
	objects = {

/* Begin PBXBuildFile section */
		62B04BD4225B668D006553F9 /* AppDelegate.swift in Sources */ = {isa = PBXBuildFile; fileRef = 62B04BD3225B668D006553F9 /* AppDelegate.swift */; };
		62B04BD6225B668D006553F9 /* ViewController.swift in Sources */ = {isa = PBXBuildFile; fileRef = 62B04BD5225B668D006553F9 /* ViewController.swift */; };
		62B04BD9225B668D006553F9 /* Main.storyboard in Resources */ = {isa = PBXBuildFile; fileRef = 62B04BD7225B668D006553F9 /* Main.storyboard */; };
		62B04BDB225B668E006553F9 /* Assets.xcassets in Resources */ = {isa = PBXBuildFile; fileRef = 62B04BDA225B668E006553F9 /* Assets.xcassets */; };
		62B04BDE225B668E006553F9 /* LaunchScreen.storyboard in Resources */ = {isa = PBXBuildFile; fileRef = 62B04BDC225B668E006553F9 /* LaunchScreen.storyboard */; };
		62B04BE9225B668F006553F9 /* NavigationControllerTests.swift in Sources */ = {isa = PBXBuildFile; fileRef = 62B04BE8225B668F006553F9 /* NavigationControllerTests.swift */; };
		62B04BF4225B668F006553F9 /* NavigationControllerUITests.swift in Sources */ = {isa = PBXBuildFile; fileRef = 62B04BF3225B668F006553F9 /* NavigationControllerUITests.swift */; };
/* End PBXBuildFile section */

/* Begin PBXContainerItemProxy section */
		62B04BE5225B668F006553F9 /* PBXContainerItemProxy */ = {
			isa = PBXContainerItemProxy;
			containerPortal = 62B04BC8225B668D006553F9 /* Project object */;
			proxyType = 1;
			remoteGlobalIDString = 62B04BCF225B668D006553F9;
			remoteInfo = NavigationController;
		};
		62B04BF0225B668F006553F9 /* PBXContainerItemProxy */ = {
			isa = PBXContainerItemProxy;
			containerPortal = 62B04BC8225B668D006553F9 /* Project object */;
			proxyType = 1;
			remoteGlobalIDString = 62B04BCF225B668D006553F9;
			remoteInfo = NavigationController;
		};
/* End PBXContainerItemProxy section */

/* Begin PBXFileReference section */
		62B04BD0225B668D006553F9 /* NavigationController.app */ = {isa = PBXFileReference; explicitFileType = wrapper.application; includeInIndex = 0; path = NavigationController.app; sourceTree = BUILT_PRODUCTS_DIR; };
		62B04BD3225B668D006553F9 /* AppDelegate.swift */ = {isa = PBXFileReference; lastKnownFileType = sourcecode.swift; path = AppDelegate.swift; sourceTree = "<group>"; };
		62B04BD5225B668D006553F9 /* ViewController.swift */ = {isa = PBXFileReference; lastKnownFileType = sourcecode.swift; path = ViewController.swift; sourceTree = "<group>"; };
		62B04BD8225B668D006553F9 /* Base */ = {isa = PBXFileReference; lastKnownFileType = file.storyboard; name = Base; path = Base.lproj/Main.storyboard; sourceTree = "<group>"; };
		62B04BDA225B668E006553F9 /* Assets.xcassets */ = {isa = PBXFileReference; lastKnownFileType = folder.assetcatalog; path = Assets.xcassets; sourceTree = "<group>"; };
		62B04BDD225B668E006553F9 /* Base */ = {isa = PBXFileReference; lastKnownFileType = file.storyboard; name = Base; path = Base.lproj/LaunchScreen.storyboard; sourceTree = "<group>"; };
		62B04BDF225B668E006553F9 /* Info.plist */ = {isa = PBXFileReference; lastKnownFileType = text.plist.xml; path = Info.plist; sourceTree = "<group>"; };
		62B04BE4225B668F006553F9 /* NavigationControllerTests.xctest */ = {isa = PBXFileReference; explicitFileType = wrapper.cfbundle; includeInIndex = 0; path = NavigationControllerTests.xctest; sourceTree = BUILT_PRODUCTS_DIR; };
		62B04BE8225B668F006553F9 /* NavigationControllerTests.swift */ = {isa = PBXFileReference; lastKnownFileType = sourcecode.swift; path = NavigationControllerTests.swift; sourceTree = "<group>"; };
		62B04BEA225B668F006553F9 /* Info.plist */ = {isa = PBXFileReference; lastKnownFileType = text.plist.xml; path = Info.plist; sourceTree = "<group>"; };
		62B04BEF225B668F006553F9 /* NavigationControllerUITests.xctest */ = {isa = PBXFileReference; explicitFileType = wrapper.cfbundle; includeInIndex = 0; path = NavigationControllerUITests.xctest; sourceTree = BUILT_PRODUCTS_DIR; };
		62B04BF3225B668F006553F9 /* NavigationControllerUITests.swift */ = {isa = PBXFileReference; lastKnownFileType = sourcecode.swift; path = NavigationControllerUITests.swift; sourceTree = "<group>"; };
		62B04BF5225B668F006553F9 /* Info.plist */ = {isa = PBXFileReference; lastKnownFileType = text.plist.xml; path = Info.plist; sourceTree = "<group>"; };
/* End PBXFileReference section */

/* Begin PBXFrameworksBuildPhase section */
		62B04BCD225B668D006553F9 /* Frameworks */ = {
			isa = PBXFrameworksBuildPhase;
			buildActionMask = 2147483647;
			files = (
			);
			runOnlyForDeploymentPostprocessing = 0;
		};
		62B04BE1225B668F006553F9 /* Frameworks */ = {
			isa = PBXFrameworksBuildPhase;
			buildActionMask = 2147483647;
			files = (
			);
			runOnlyForDeploymentPostprocessing = 0;
		};
		62B04BEC225B668F006553F9 /* Frameworks */ = {
			isa = PBXFrameworksBuildPhase;
			buildActionMask = 2147483647;
			files = (
			);
			runOnlyForDeploymentPostprocessing = 0;
		};
/* End PBXFrameworksBuildPhase section */

/* Begin PBXGroup section */
		62B04BC7225B668D006553F9 = {
			isa = PBXGroup;
			children = (
				62B04BD2225B668D006553F9 /* NavigationController */,
				62B04BE7225B668F006553F9 /* NavigationControllerTests */,
				62B04BF2225B668F006553F9 /* NavigationControllerUITests */,
				62B04BD1225B668D006553F9 /* Products */,
			);
			sourceTree = "<group>";
		};
		62B04BD1225B668D006553F9 /* Products */ = {
			isa = PBXGroup;
			children = (
				62B04BD0225B668D006553F9 /* NavigationController.app */,
				62B04BE4225B668F006553F9 /* NavigationControllerTests.xctest */,
				62B04BEF225B668F006553F9 /* NavigationControllerUITests.xctest */,
			);
			name = Products;
			sourceTree = "<group>";
		};
		62B04BD2225B668D006553F9 /* NavigationController */ = {
			isa = PBXGroup;
			children = (
				62B04BD3225B668D006553F9 /* AppDelegate.swift */,
				62B04BD5225B668D006553F9 /* ViewController.swift */,
				62B04BD7225B668D006553F9 /* Main.storyboard */,
				62B04BDA225B668E006553F9 /* Assets.xcassets */,
				62B04BDC225B668E006553F9 /* LaunchScreen.storyboard */,
				62B04BDF225B668E006553F9 /* Info.plist */,
			);
			path = NavigationController;
			sourceTree = "<group>";
		};
		62B04BE7225B668F006553F9 /* NavigationControllerTests */ = {
			isa = PBXGroup;
			children = (
				62B04BE8225B668F006553F9 /* NavigationControllerTests.swift */,
				62B04BEA225B668F006553F9 /* Info.plist */,
			);
			path = NavigationControllerTests;
			sourceTree = "<group>";
		};
		62B04BF2225B668F006553F9 /* NavigationControllerUITests */ = {
			isa = PBXGroup;
			children = (
				62B04BF3225B668F006553F9 /* NavigationControllerUITests.swift */,
				62B04BF5225B668F006553F9 /* Info.plist */,
			);
			path = NavigationControllerUITests;
			sourceTree = "<group>";
		};
/* End PBXGroup section */

/* Begin PBXNativeTarget section */
		62B04BCF225B668D006553F9 /* NavigationController */ = {
			isa = PBXNativeTarget;
			buildConfigurationList = 62B04BF8225B668F006553F9 /* Build configuration list for PBXNativeTarget "NavigationController" */;
			buildPhases = (
				62B04BCC225B668D006553F9 /* Sources */,
				62B04BCD225B668D006553F9 /* Frameworks */,
				62B04BCE225B668D006553F9 /* Resources */,
			);
			buildRules = (
			);
			dependencies = (
			);
			name = NavigationController;
			productName = NavigationController;
			productReference = 62B04BD0225B668D006553F9 /* NavigationController.app */;
			productType = "com.apple.product-type.application";
		};
		62B04BE3225B668F006553F9 /* NavigationControllerTests */ = {
			isa = PBXNativeTarget;
			buildConfigurationList = 62B04BFB225B668F006553F9 /* Build configuration list for PBXNativeTarget "NavigationControllerTests" */;
			buildPhases = (
				62B04BE0225B668F006553F9 /* Sources */,
				62B04BE1225B668F006553F9 /* Frameworks */,
				62B04BE2225B668F006553F9 /* Resources */,
			);
			buildRules = (
			);
			dependencies = (
				62B04BE6225B668F006553F9 /* PBXTargetDependency */,
			);
			name = NavigationControllerTests;
			productName = NavigationControllerTests;
			productReference = 62B04BE4225B668F006553F9 /* NavigationControllerTests.xctest */;
			productType = "com.apple.product-type.bundle.unit-test";
		};
		62B04BEE225B668F006553F9 /* NavigationControllerUITests */ = {
			isa = PBXNativeTarget;
			buildConfigurationList = 62B04BFE225B668F006553F9 /* Build configuration list for PBXNativeTarget "NavigationControllerUITests" */;
			buildPhases = (
				62B04BEB225B668F006553F9 /* Sources */,
				62B04BEC225B668F006553F9 /* Frameworks */,
				62B04BED225B668F006553F9 /* Resources */,
			);
			buildRules = (
			);
			dependencies = (
				62B04BF1225B668F006553F9 /* PBXTargetDependency */,
			);
			name = NavigationControllerUITests;
			productName = NavigationControllerUITests;
			productReference = 62B04BEF225B668F006553F9 /* NavigationControllerUITests.xctest */;
			productType = "com.apple.product-type.bundle.ui-testing";
		};
/* End PBXNativeTarget section */

/* Begin PBXProject section */
		62B04BC8225B668D006553F9 /* Project object */ = {
			isa = PBXProject;
			attributes = {
				LastSwiftUpdateCheck = 1010;
				LastUpgradeCheck = 1010;
				ORGANIZATIONNAME = efrei;
				TargetAttributes = {
					62B04BCF225B668D006553F9 = {
						CreatedOnToolsVersion = 10.1;
					};
					62B04BE3225B668F006553F9 = {
						CreatedOnToolsVersion = 10.1;
						TestTargetID = 62B04BCF225B668D006553F9;
					};
					62B04BEE225B668F006553F9 = {
						CreatedOnToolsVersion = 10.1;
						TestTargetID = 62B04BCF225B668D006553F9;
					};
				};
			};
			buildConfigurationList = 62B04BCB225B668D006553F9 /* Build configuration list for PBXProject "NavigationController" */;
			compatibilityVersion = "Xcode 9.3";
			developmentRegion = en;
			hasScannedForEncodings = 0;
			knownRegions = (
				en,
				Base,
			);
			mainGroup = 62B04BC7225B668D006553F9;
			productRefGroup = 62B04BD1225B668D006553F9 /* Products */;
			projectDirPath = "";
			projectRoot = "";
			targets = (
				62B04BCF225B668D006553F9 /* NavigationController */,
				62B04BE3225B668F006553F9 /* NavigationControllerTests */,
				62B04BEE225B668F006553F9 /* NavigationControllerUITests */,
			);
		};
/* End PBXProject section */

/* Begin PBXResourcesBuildPhase section */
		62B04BCE225B668D006553F9 /* Resources */ = {
			isa = PBXResourcesBuildPhase;
			buildActionMask = 2147483647;
			files = (
				62B04BDE225B668E006553F9 /* LaunchScreen.storyboard in Resources */,
				62B04BDB225B668E006553F9 /* Assets.xcassets in Resources */,
				62B04BD9225B668D006553F9 /* Main.storyboard in Resources */,
			);
			runOnlyForDeploymentPostprocessing = 0;
		};
		62B04BE2225B668F006553F9 /* Resources */ = {
			isa = PBXResourcesBuildPhase;
			buildActionMask = 2147483647;
			files = (
			);
			runOnlyForDeploymentPostprocessing = 0;
		};
		62B04BED225B668F006553F9 /* Resources */ = {
			isa = PBXResourcesBuildPhase;
			buildActionMask = 2147483647;
			files = (
			);
			runOnlyForDeploymentPostprocessing = 0;
		};
/* End PBXResourcesBuildPhase section */

/* Begin PBXSourcesBuildPhase section */
		62B04BCC225B668D006553F9 /* Sources */ = {
			isa = PBXSourcesBuildPhase;
			buildActionMask = 2147483647;
			files = (
				62B04BD6225B668D006553F9 /* ViewController.swift in Sources */,
				62B04BD4225B668D006553F9 /* AppDelegate.swift in Sources */,
			);
			runOnlyForDeploymentPostprocessing = 0;
		};
		62B04BE0225B668F006553F9 /* Sources */ = {
			isa = PBXSourcesBuildPhase;
			buildActionMask = 2147483647;
			files = (
				62B04BE9225B668F006553F9 /* NavigationControllerTests.swift in Sources */,
			);
			runOnlyForDeploymentPostprocessing = 0;
		};
		62B04BEB225B668F006553F9 /* Sources */ = {
			isa = PBXSourcesBuildPhase;
			buildActionMask = 2147483647;
			files = (
				62B04BF4225B668F006553F9 /* NavigationControllerUITests.swift in Sources */,
			);
			runOnlyForDeploymentPostprocessing = 0;
		};
/* End PBXSourcesBuildPhase section */

/* Begin PBXTargetDependency section */
		62B04BE6225B668F006553F9 /* PBXTargetDependency */ = {
			isa = PBXTargetDependency;
			target = 62B04BCF225B668D006553F9 /* NavigationController */;
			targetProxy = 62B04BE5225B668F006553F9 /* PBXContainerItemProxy */;
		};
		62B04BF1225B668F006553F9 /* PBXTargetDependency */ = {
			isa = PBXTargetDependency;
			target = 62B04BCF225B668D006553F9 /* NavigationController */;
			targetProxy = 62B04BF0225B668F006553F9 /* PBXContainerItemProxy */;
		};
/* End PBXTargetDependency section */

/* Begin PBXVariantGroup section */
		62B04BD7225B668D006553F9 /* Main.storyboard */ = {
			isa = PBXVariantGroup;
			children = (
				62B04BD8225B668D006553F9 /* Base */,
			);
			name = Main.storyboard;
			sourceTree = "<group>";
		};
		62B04BDC225B668E006553F9 /* LaunchScreen.storyboard */ = {
			isa = PBXVariantGroup;
			children = (
				62B04BDD225B668E006553F9 /* Base */,
			);
			name = LaunchScreen.storyboard;
			sourceTree = "<group>";
		};
/* End PBXVariantGroup section */

/* Begin XCBuildConfiguration section */
		62B04BF6225B668F006553F9 /* Debug */ = {
			isa = XCBuildConfiguration;
			buildSettings = {
				ALWAYS_SEARCH_USER_PATHS = NO;
				CLANG_ANALYZER_NONNULL = YES;
				CLANG_ANALYZER_NUMBER_OBJECT_CONVERSION = YES_AGGRESSIVE;
				CLANG_CXX_LANGUAGE_STANDARD = "gnu++14";
				CLANG_CXX_LIBRARY = "libc++";
				CLANG_ENABLE_MODULES = YES;
				CLANG_ENABLE_OBJC_ARC = YES;
				CLANG_ENABLE_OBJC_WEAK = YES;
				CLANG_WARN_BLOCK_CAPTURE_AUTORELEASING = YES;
				CLANG_WARN_BOOL_CONVERSION = YES;
				CLANG_WARN_COMMA = YES;
				CLANG_WARN_CONSTANT_CONVERSION = YES;
				CLANG_WARN_DEPRECATED_OBJC_IMPLEMENTATIONS = YES;
				CLANG_WARN_DIRECT_OBJC_ISA_USAGE = YES_ERROR;
				CLANG_WARN_DOCUMENTATION_COMMENTS = YES;
				CLANG_WARN_EMPTY_BODY = YES;
				CLANG_WARN_ENUM_CONVERSION = YES;
				CLANG_WARN_INFINITE_RECURSION = YES;
				CLANG_WARN_INT_CONVERSION = YES;
				CLANG_WARN_NON_LITERAL_NULL_CONVERSION = YES;
				CLANG_WARN_OBJC_IMPLICIT_RETAIN_SELF = YES;
				CLANG_WARN_OBJC_LITERAL_CONVERSION = YES;
				CLANG_WARN_OBJC_ROOT_CLASS = YES_ERROR;
				CLANG_WARN_RANGE_LOOP_ANALYSIS = YES;
				CLANG_WARN_STRICT_PROTOTYPES = YES;
				CLANG_WARN_SUSPICIOUS_MOVE = YES;
				CLANG_WARN_UNGUARDED_AVAILABILITY = YES_AGGRESSIVE;
				CLANG_WARN_UNREACHABLE_CODE = YES;
				CLANG_WARN__DUPLICATE_METHOD_MATCH = YES;
				CODE_SIGN_IDENTITY = "iPhone Developer";
				COPY_PHASE_STRIP = NO;
				DEBUG_INFORMATION_FORMAT = dwarf;
				ENABLE_STRICT_OBJC_MSGSEND = YES;
				ENABLE_TESTABILITY = YES;
				GCC_C_LANGUAGE_STANDARD = gnu11;
				GCC_DYNAMIC_NO_PIC = NO;
				GCC_NO_COMMON_BLOCKS = YES;
				GCC_OPTIMIZATION_LEVEL = 0;
				GCC_PREPROCESSOR_DEFINITIONS = (
					"DEBUG=1",
					"$(inherited)",
				);
				GCC_WARN_64_TO_32_BIT_CONVERSION = YES;
				GCC_WARN_ABOUT_RETURN_TYPE = YES_ERROR;
				GCC_WARN_UNDECLARED_SELECTOR = YES;
				GCC_WARN_UNINITIALIZED_AUTOS = YES_AGGRESSIVE;
				GCC_WARN_UNUSED_FUNCTION = YES;
				GCC_WARN_UNUSED_VARIABLE = YES;
				IPHONEOS_DEPLOYMENT_TARGET = 12.1;
				MTL_ENABLE_DEBUG_INFO = INCLUDE_SOURCE;
				MTL_FAST_MATH = YES;
				ONLY_ACTIVE_ARCH = YES;
				SDKROOT = iphoneos;
				SWIFT_ACTIVE_COMPILATION_CONDITIONS = DEBUG;
				SWIFT_OPTIMIZATION_LEVEL = "-Onone";
			};
			name = Debug;
		};
		62B04BF7225B668F006553F9 /* Release */ = {
			isa = XCBuildConfiguration;
			buildSettings = {
				ALWAYS_SEARCH_USER_PATHS = NO;
				CLANG_ANALYZER_NONNULL = YES;
				CLANG_ANALYZER_NUMBER_OBJECT_CONVERSION = YES_AGGRESSIVE;
				CLANG_CXX_LANGUAGE_STANDARD = "gnu++14";
				CLANG_CXX_LIBRARY = "libc++";
				CLANG_ENABLE_MODULES = YES;
				CLANG_ENABLE_OBJC_ARC = YES;
				CLANG_ENABLE_OBJC_WEAK = YES;
				CLANG_WARN_BLOCK_CAPTURE_AUTORELEASING = YES;
				CLANG_WARN_BOOL_CONVERSION = YES;
				CLANG_WARN_COMMA = YES;
				CLANG_WARN_CONSTANT_CONVERSION = YES;
				CLANG_WARN_DEPRECATED_OBJC_IMPLEMENTATIONS = YES;
				CLANG_WARN_DIRECT_OBJC_ISA_USAGE = YES_ERROR;
				CLANG_WARN_DOCUMENTATION_COMMENTS = YES;
				CLANG_WARN_EMPTY_BODY = YES;
				CLANG_WARN_ENUM_CONVERSION = YES;
				CLANG_WARN_INFINITE_RECURSION = YES;
				CLANG_WARN_INT_CONVERSION = YES;
				CLANG_WARN_NON_LITERAL_NULL_CONVERSION = YES;
				CLANG_WARN_OBJC_IMPLICIT_RETAIN_SELF = YES;
				CLANG_WARN_OBJC_LITERAL_CONVERSION = YES;
				CLANG_WARN_OBJC_ROOT_CLASS = YES_ERROR;
				CLANG_WARN_RANGE_LOOP_ANALYSIS = YES;
				CLANG_WARN_STRICT_PROTOTYPES = YES;
				CLANG_WARN_SUSPICIOUS_MOVE = YES;
				CLANG_WARN_UNGUARDED_AVAILABILITY = YES_AGGRESSIVE;
				CLANG_WARN_UNREACHABLE_CODE = YES;
				CLANG_WARN__DUPLICATE_METHOD_MATCH = YES;
				CODE_SIGN_IDENTITY = "iPhone Developer";
				COPY_PHASE_STRIP = NO;
				DEBUG_INFORMATION_FORMAT = "dwarf-with-dsym";
				ENABLE_NS_ASSERTIONS = NO;
				ENABLE_STRICT_OBJC_MSGSEND = YES;
				GCC_C_LANGUAGE_STANDARD = gnu11;
				GCC_NO_COMMON_BLOCKS = YES;
				GCC_WARN_64_TO_32_BIT_CONVERSION = YES;
				GCC_WARN_ABOUT_RETURN_TYPE = YES_ERROR;
				GCC_WARN_UNDECLARED_SELECTOR = YES;
				GCC_WARN_UNINITIALIZED_AUTOS = YES_AGGRESSIVE;
				GCC_WARN_UNUSED_FUNCTION = YES;
				GCC_WARN_UNUSED_VARIABLE = YES;
				IPHONEOS_DEPLOYMENT_TARGET = 12.1;
				MTL_ENABLE_DEBUG_INFO = NO;
				MTL_FAST_MATH = YES;
				SDKROOT = iphoneos;
				SWIFT_COMPILATION_MODE = wholemodule;
				SWIFT_OPTIMIZATION_LEVEL = "-O";
				VALIDATE_PRODUCT = YES;
			};
			name = Release;
		};
		62B04BF9225B668F006553F9 /* Debug */ = {
			isa = XCBuildConfiguration;
			buildSettings = {
				ASSETCATALOG_COMPILER_APPICON_NAME = AppIcon;
				CODE_SIGN_IDENTITY = "iPhone Developer";
				CODE_SIGN_STYLE = Automatic;
				DEVELOPMENT_TEAM = "";
				INFOPLIST_FILE = NavigationController/Info.plist;
				LD_RUNPATH_SEARCH_PATHS = (
					"$(inherited)",
					"@executable_path/Frameworks",
				);
				PRODUCT_BUNDLE_IDENTIFIER = peter.NavigationController;
				PRODUCT_NAME = "$(TARGET_NAME)";
				PROVISIONING_PROFILE_SPECIFIER = "";
				SWIFT_VERSION = 4.2;
				TARGETED_DEVICE_FAMILY = "1,2";
			};
			name = Debug;
		};
		62B04BFA225B668F006553F9 /* Release */ = {
			isa = XCBuildConfiguration;
			buildSettings = {
				ASSETCATALOG_COMPILER_APPICON_NAME = AppIcon;
				CODE_SIGN_IDENTITY = "iPhone Developer";
				CODE_SIGN_STYLE = Automatic;
				DEVELOPMENT_TEAM = "";
				INFOPLIST_FILE = NavigationController/Info.plist;
				LD_RUNPATH_SEARCH_PATHS = (
					"$(inherited)",
					"@executable_path/Frameworks",
				);
				PRODUCT_BUNDLE_IDENTIFIER = peter.NavigationController;
				PRODUCT_NAME = "$(TARGET_NAME)";
				PROVISIONING_PROFILE_SPECIFIER = "";
				SWIFT_VERSION = 4.2;
				TARGETED_DEVICE_FAMILY = "1,2";
			};
			name = Release;
		};
		62B04BFC225B668F006553F9 /* Debug */ = {
			isa = XCBuildConfiguration;
			buildSettings = {
				ALWAYS_EMBED_SWIFT_STANDARD_LIBRARIES = YES;
				BUNDLE_LOADER = "$(TEST_HOST)";
				CODE_SIGN_STYLE = Automatic;
				INFOPLIST_FILE = NavigationControllerTests/Info.plist;
				LD_RUNPATH_SEARCH_PATHS = (
					"$(inherited)",
					"@executable_path/Frameworks",
					"@loader_path/Frameworks",
				);
				PRODUCT_BUNDLE_IDENTIFIER = peter.NavigationControllerTests;
				PRODUCT_NAME = "$(TARGET_NAME)";
				SWIFT_VERSION = 4.2;
				TARGETED_DEVICE_FAMILY = "1,2";
				TEST_HOST = "$(BUILT_PRODUCTS_DIR)/NavigationController.app/NavigationController";
			};
			name = Debug;
		};
		62B04BFD225B668F006553F9 /* Release */ = {
			isa = XCBuildConfiguration;
			buildSettings = {
				ALWAYS_EMBED_SWIFT_STANDARD_LIBRARIES = YES;
				BUNDLE_LOADER = "$(TEST_HOST)";
				CODE_SIGN_STYLE = Automatic;
				INFOPLIST_FILE = NavigationControllerTests/Info.plist;
				LD_RUNPATH_SEARCH_PATHS = (
					"$(inherited)",
					"@executable_path/Frameworks",
					"@loader_path/Frameworks",
				);
				PRODUCT_BUNDLE_IDENTIFIER = peter.NavigationControllerTests;
				PRODUCT_NAME = "$(TARGET_NAME)";
				SWIFT_VERSION = 4.2;
				TARGETED_DEVICE_FAMILY = "1,2";
				TEST_HOST = "$(BUILT_PRODUCTS_DIR)/NavigationController.app/NavigationController";
			};
			name = Release;
		};
		62B04BFF225B668F006553F9 /* Debug */ = {
			isa = XCBuildConfiguration;
			buildSettings = {
				ALWAYS_EMBED_SWIFT_STANDARD_LIBRARIES = YES;
				CODE_SIGN_STYLE = Automatic;
				INFOPLIST_FILE = NavigationControllerUITests/Info.plist;
				LD_RUNPATH_SEARCH_PATHS = (
					"$(inherited)",
					"@executable_path/Frameworks",
					"@loader_path/Frameworks",
				);
				PRODUCT_BUNDLE_IDENTIFIER = peter.NavigationControllerUITests;
				PRODUCT_NAME = "$(TARGET_NAME)";
				SWIFT_VERSION = 4.2;
				TARGETED_DEVICE_FAMILY = "1,2";
				TEST_TARGET_NAME = NavigationController;
			};
			name = Debug;
		};
		62B04C00225B668F006553F9 /* Release */ = {
			isa = XCBuildConfiguration;
			buildSettings = {
				ALWAYS_EMBED_SWIFT_STANDARD_LIBRARIES = YES;
				CODE_SIGN_STYLE = Automatic;
				INFOPLIST_FILE = NavigationControllerUITests/Info.plist;
				LD_RUNPATH_SEARCH_PATHS = (
					"$(inherited)",
					"@executable_path/Frameworks",
					"@loader_path/Frameworks",
				);
				PRODUCT_BUNDLE_IDENTIFIER = peter.NavigationControllerUITests;
				PRODUCT_NAME = "$(TARGET_NAME)";
				SWIFT_VERSION = 4.2;
				TARGETED_DEVICE_FAMILY = "1,2";
				TEST_TARGET_NAME = NavigationController;
			};
			name = Release;
		};
/* End XCBuildConfiguration section */

/* Begin XCConfigurationList section */
		62B04BCB225B668D006553F9 /* Build configuration list for PBXProject "NavigationController" */ = {
			isa = XCConfigurationList;
			buildConfigurations = (
				62B04BF6225B668F006553F9 /* Debug */,
				62B04BF7225B668F006553F9 /* Release */,
			);
			defaultConfigurationIsVisible = 0;
			defaultConfigurationName = Release;
		};
		62B04BF8225B668F006553F9 /* Build configuration list for PBXNativeTarget "NavigationController" */ = {
			isa = XCConfigurationList;
			buildConfigurations = (
				62B04BF9225B668F006553F9 /* Debug */,
				62B04BFA225B668F006553F9 /* Release */,
			);
			defaultConfigurationIsVisible = 0;
			defaultConfigurationName = Release;
		};
		62B04BFB225B668F006553F9 /* Build configuration list for PBXNativeTarget "NavigationControllerTests" */ = {
			isa = XCConfigurationList;
			buildConfigurations = (
				62B04BFC225B668F006553F9 /* Debug */,
				62B04BFD225B668F006553F9 /* Release */,
			);
			defaultConfigurationIsVisible = 0;
			defaultConfigurationName = Release;
		};
		62B04BFE225B668F006553F9 /* Build configuration list for PBXNativeTarget "NavigationControllerUITests" */ = {
			isa = XCConfigurationList;
			buildConfigurations = (
				62B04BFF225B668F006553F9 /* Debug */,
				62B04C00225B668F006553F9 /* Release */,
			);
			defaultConfigurationIsVisible = 0;
			defaultConfigurationName = Release;
		};
/* End XCConfigurationList section */
	};
	rootObject = 62B04BC8225B668D006553F9 /* Project object */;
}
