// !$*UTF8*$!
{
	archiveVersion = 1;
	classes = {
	};
	objectVersion = 50;
	objects = {

/* Begin PBXBuildFile section */
		62B04C12225B7E47006553F9 /* AppDelegate.swift in Sources */ = {isa = PBXBuildFile; fileRef = 62B04C11225B7E47006553F9 /* AppDelegate.swift */; };
		62B04C14225B7E47006553F9 /* FirstViewController.swift in Sources */ = {isa = PBXBuildFile; fileRef = 62B04C13225B7E47006553F9 /* FirstViewController.swift */; };
		62B04C17225B7E47006553F9 /* Main.storyboard in Resources */ = {isa = PBXBuildFile; fileRef = 62B04C15225B7E47006553F9 /* Main.storyboard */; };
		62B04C19225B7E47006553F9 /* Assets.xcassets in Resources */ = {isa = PBXBuildFile; fileRef = 62B04C18225B7E47006553F9 /* Assets.xcassets */; };
		62B04C1C225B7E47006553F9 /* LaunchScreen.storyboard in Resources */ = {isa = PBXBuildFile; fileRef = 62B04C1A225B7E47006553F9 /* LaunchScreen.storyboard */; };
		62B04C27225B7E47006553F9 /* navigation2Tests.swift in Sources */ = {isa = PBXBuildFile; fileRef = 62B04C26225B7E47006553F9 /* navigation2Tests.swift */; };
		62B04C32225B7E47006553F9 /* navigation2UITests.swift in Sources */ = {isa = PBXBuildFile; fileRef = 62B04C31225B7E47006553F9 /* navigation2UITests.swift */; };
		62B04C40225B7F02006553F9 /* NextViewController.swift in Sources */ = {isa = PBXBuildFile; fileRef = 62B04C3F225B7F02006553F9 /* NextViewController.swift */; };
/* End PBXBuildFile section */

/* Begin PBXContainerItemProxy section */
		62B04C23225B7E47006553F9 /* PBXContainerItemProxy */ = {
			isa = PBXContainerItemProxy;
			containerPortal = 62B04C06225B7E47006553F9 /* Project object */;
			proxyType = 1;
			remoteGlobalIDString = 62B04C0D225B7E47006553F9;
			remoteInfo = navigation2;
		};
		62B04C2E225B7E47006553F9 /* PBXContainerItemProxy */ = {
			isa = PBXContainerItemProxy;
			containerPortal = 62B04C06225B7E47006553F9 /* Project object */;
			proxyType = 1;
			remoteGlobalIDString = 62B04C0D225B7E47006553F9;
			remoteInfo = navigation2;
		};
/* End PBXContainerItemProxy section */

/* Begin PBXFileReference section */
		62B04C0E225B7E47006553F9 /* navigation2.app */ = {isa = PBXFileReference; explicitFileType = wrapper.application; includeInIndex = 0; path = navigation2.app; sourceTree = BUILT_PRODUCTS_DIR; };
		62B04C11225B7E47006553F9 /* AppDelegate.swift */ = {isa = PBXFileReference; lastKnownFileType = sourcecode.swift; path = AppDelegate.swift; sourceTree = "<group>"; };
		62B04C13225B7E47006553F9 /* FirstViewController.swift */ = {isa = PBXFileReference; lastKnownFileType = sourcecode.swift; path = FirstViewController.swift; sourceTree = "<group>"; };
		62B04C16225B7E47006553F9 /* Base */ = {isa = PBXFileReference; lastKnownFileType = file.storyboard; name = Base; path = Base.lproj/Main.storyboard; sourceTree = "<group>"; };
		62B04C18225B7E47006553F9 /* Assets.xcassets */ = {isa = PBXFileReference; lastKnownFileType = folder.assetcatalog; path = Assets.xcassets; sourceTree = "<group>"; };
		62B04C1B225B7E47006553F9 /* Base */ = {isa = PBXFileReference; lastKnownFileType = file.storyboard; name = Base; path = Base.lproj/LaunchScreen.storyboard; sourceTree = "<group>"; };
		62B04C1D225B7E47006553F9 /* Info.plist */ = {isa = PBXFileReference; lastKnownFileType = text.plist.xml; path = Info.plist; sourceTree = "<group>"; };
		62B04C22225B7E47006553F9 /* navigation2Tests.xctest */ = {isa = PBXFileReference; explicitFileType = wrapper.cfbundle; includeInIndex = 0; path = navigation2Tests.xctest; sourceTree = BUILT_PRODUCTS_DIR; };
		62B04C26225B7E47006553F9 /* navigation2Tests.swift */ = {isa = PBXFileReference; lastKnownFileType = sourcecode.swift; path = navigation2Tests.swift; sourceTree = "<group>"; };
		62B04C28225B7E47006553F9 /* Info.plist */ = {isa = PBXFileReference; lastKnownFileType = text.plist.xml; path = Info.plist; sourceTree = "<group>"; };
		62B04C2D225B7E47006553F9 /* navigation2UITests.xctest */ = {isa = PBXFileReference; explicitFileType = wrapper.cfbundle; includeInIndex = 0; path = navigation2UITests.xctest; sourceTree = BUILT_PRODUCTS_DIR; };
		62B04C31225B7E47006553F9 /* navigation2UITests.swift */ = {isa = PBXFileReference; lastKnownFileType = sourcecode.swift; path = navigation2UITests.swift; sourceTree = "<group>"; };
		62B04C33225B7E47006553F9 /* Info.plist */ = {isa = PBXFileReference; lastKnownFileType = text.plist.xml; path = Info.plist; sourceTree = "<group>"; };
		62B04C3F225B7F02006553F9 /* NextViewController.swift */ = {isa = PBXFileReference; lastKnownFileType = sourcecode.swift; path = NextViewController.swift; sourceTree = "<group>"; };
/* End PBXFileReference section */

/* Begin PBXFrameworksBuildPhase section */
		62B04C0B225B7E47006553F9 /* Frameworks */ = {
			isa = PBXFrameworksBuildPhase;
			buildActionMask = 2147483647;
			files = (
			);
			runOnlyForDeploymentPostprocessing = 0;
		};
		62B04C1F225B7E47006553F9 /* Frameworks */ = {
			isa = PBXFrameworksBuildPhase;
			buildActionMask = 2147483647;
			files = (
			);
			runOnlyForDeploymentPostprocessing = 0;
		};
		62B04C2A225B7E47006553F9 /* Frameworks */ = {
			isa = PBXFrameworksBuildPhase;
			buildActionMask = 2147483647;
			files = (
			);
			runOnlyForDeploymentPostprocessing = 0;
		};
/* End PBXFrameworksBuildPhase section */

/* Begin PBXGroup section */
		62B04C05225B7E47006553F9 = {
			isa = PBXGroup;
			children = (
				62B04C10225B7E47006553F9 /* navigation2 */,
				62B04C25225B7E47006553F9 /* navigation2Tests */,
				62B04C30225B7E47006553F9 /* navigation2UITests */,
				62B04C0F225B7E47006553F9 /* Products */,
			);
			sourceTree = "<group>";
		};
		62B04C0F225B7E47006553F9 /* Products */ = {
			isa = PBXGroup;
			children = (
				62B04C0E225B7E47006553F9 /* navigation2.app */,
				62B04C22225B7E47006553F9 /* navigation2Tests.xctest */,
				62B04C2D225B7E47006553F9 /* navigation2UITests.xctest */,
			);
			name = Products;
			sourceTree = "<group>";
		};
		62B04C10225B7E47006553F9 /* navigation2 */ = {
			isa = PBXGroup;
			children = (
				62B04C11225B7E47006553F9 /* AppDelegate.swift */,
				62B04C13225B7E47006553F9 /* FirstViewController.swift */,
				62B04C15225B7E47006553F9 /* Main.storyboard */,
				62B04C3F225B7F02006553F9 /* NextViewController.swift */,
				62B04C18225B7E47006553F9 /* Assets.xcassets */,
				62B04C1A225B7E47006553F9 /* LaunchScreen.storyboard */,
				62B04C1D225B7E47006553F9 /* Info.plist */,
			);
			path = navigation2;
			sourceTree = "<group>";
		};
		62B04C25225B7E47006553F9 /* navigation2Tests */ = {
			isa = PBXGroup;
			children = (
				62B04C26225B7E47006553F9 /* navigation2Tests.swift */,
				62B04C28225B7E47006553F9 /* Info.plist */,
			);
			path = navigation2Tests;
			sourceTree = "<group>";
		};
		62B04C30225B7E47006553F9 /* navigation2UITests */ = {
			isa = PBXGroup;
			children = (
				62B04C31225B7E47006553F9 /* navigation2UITests.swift */,
				62B04C33225B7E47006553F9 /* Info.plist */,
			);
			path = navigation2UITests;
			sourceTree = "<group>";
		};
/* End PBXGroup section */

/* Begin PBXNativeTarget section */
		62B04C0D225B7E47006553F9 /* navigation2 */ = {
			isa = PBXNativeTarget;
			buildConfigurationList = 62B04C36225B7E47006553F9 /* Build configuration list for PBXNativeTarget "navigation2" */;
			buildPhases = (
				62B04C0A225B7E47006553F9 /* Sources */,
				62B04C0B225B7E47006553F9 /* Frameworks */,
				62B04C0C225B7E47006553F9 /* Resources */,
			);
			buildRules = (
			);
			dependencies = (
			);
			name = navigation2;
			productName = navigation2;
			productReference = 62B04C0E225B7E47006553F9 /* navigation2.app */;
			productType = "com.apple.product-type.application";
		};
		62B04C21225B7E47006553F9 /* navigation2Tests */ = {
			isa = PBXNativeTarget;
			buildConfigurationList = 62B04C39225B7E47006553F9 /* Build configuration list for PBXNativeTarget "navigation2Tests" */;
			buildPhases = (
				62B04C1E225B7E47006553F9 /* Sources */,
				62B04C1F225B7E47006553F9 /* Frameworks */,
				62B04C20225B7E47006553F9 /* Resources */,
			);
			buildRules = (
			);
			dependencies = (
				62B04C24225B7E47006553F9 /* PBXTargetDependency */,
			);
			name = navigation2Tests;
			productName = navigation2Tests;
			productReference = 62B04C22225B7E47006553F9 /* navigation2Tests.xctest */;
			productType = "com.apple.product-type.bundle.unit-test";
		};
		62B04C2C225B7E47006553F9 /* navigation2UITests */ = {
			isa = PBXNativeTarget;
			buildConfigurationList = 62B04C3C225B7E47006553F9 /* Build configuration list for PBXNativeTarget "navigation2UITests" */;
			buildPhases = (
				62B04C29225B7E47006553F9 /* Sources */,
				62B04C2A225B7E47006553F9 /* Frameworks */,
				62B04C2B225B7E47006553F9 /* Resources */,
			);
			buildRules = (
			);
			dependencies = (
				62B04C2F225B7E47006553F9 /* PBXTargetDependency */,
			);
			name = navigation2UITests;
			productName = navigation2UITests;
			productReference = 62B04C2D225B7E47006553F9 /* navigation2UITests.xctest */;
			productType = "com.apple.product-type.bundle.ui-testing";
		};
/* End PBXNativeTarget section */

/* Begin PBXProject section */
		62B04C06225B7E47006553F9 /* Project object */ = {
			isa = PBXProject;
			attributes = {
				LastSwiftUpdateCheck = 1010;
				LastUpgradeCheck = 1010;
				ORGANIZATIONNAME = efrei;
				TargetAttributes = {
					62B04C0D225B7E47006553F9 = {
						CreatedOnToolsVersion = 10.1;
					};
					62B04C21225B7E47006553F9 = {
						CreatedOnToolsVersion = 10.1;
						TestTargetID = 62B04C0D225B7E47006553F9;
					};
					62B04C2C225B7E47006553F9 = {
						CreatedOnToolsVersion = 10.1;
						TestTargetID = 62B04C0D225B7E47006553F9;
					};
				};
			};
			buildConfigurationList = 62B04C09225B7E47006553F9 /* Build configuration list for PBXProject "navigation2" */;
			compatibilityVersion = "Xcode 9.3";
			developmentRegion = en;
			hasScannedForEncodings = 0;
			knownRegions = (
				en,
				Base,
			);
			mainGroup = 62B04C05225B7E47006553F9;
			productRefGroup = 62B04C0F225B7E47006553F9 /* Products */;
			projectDirPath = "";
			projectRoot = "";
			targets = (
				62B04C0D225B7E47006553F9 /* navigation2 */,
				62B04C21225B7E47006553F9 /* navigation2Tests */,
				62B04C2C225B7E47006553F9 /* navigation2UITests */,
			);
		};
/* End PBXProject section */

/* Begin PBXResourcesBuildPhase section */
		62B04C0C225B7E47006553F9 /* Resources */ = {
			isa = PBXResourcesBuildPhase;
			buildActionMask = 2147483647;
			files = (
				62B04C1C225B7E47006553F9 /* LaunchScreen.storyboard in Resources */,
				62B04C19225B7E47006553F9 /* Assets.xcassets in Resources */,
				62B04C17225B7E47006553F9 /* Main.storyboard in Resources */,
			);
			runOnlyForDeploymentPostprocessing = 0;
		};
		62B04C20225B7E47006553F9 /* Resources */ = {
			isa = PBXResourcesBuildPhase;
			buildActionMask = 2147483647;
			files = (
			);
			runOnlyForDeploymentPostprocessing = 0;
		};
		62B04C2B225B7E47006553F9 /* Resources */ = {
			isa = PBXResourcesBuildPhase;
			buildActionMask = 2147483647;
			files = (
			);
			runOnlyForDeploymentPostprocessing = 0;
		};
/* End PBXResourcesBuildPhase section */

/* Begin PBXSourcesBuildPhase section */
		62B04C0A225B7E47006553F9 /* Sources */ = {
			isa = PBXSourcesBuildPhase;
			buildActionMask = 2147483647;
			files = (
				62B04C14225B7E47006553F9 /* FirstViewController.swift in Sources */,
				62B04C40225B7F02006553F9 /* NextViewController.swift in Sources */,
				62B04C12225B7E47006553F9 /* AppDelegate.swift in Sources */,
			);
			runOnlyForDeploymentPostprocessing = 0;
		};
		62B04C1E225B7E47006553F9 /* Sources */ = {
			isa = PBXSourcesBuildPhase;
			buildActionMask = 2147483647;
			files = (
				62B04C27225B7E47006553F9 /* navigation2Tests.swift in Sources */,
			);
			runOnlyForDeploymentPostprocessing = 0;
		};
		62B04C29225B7E47006553F9 /* Sources */ = {
			isa = PBXSourcesBuildPhase;
			buildActionMask = 2147483647;
			files = (
				62B04C32225B7E47006553F9 /* navigation2UITests.swift in Sources */,
			);
			runOnlyForDeploymentPostprocessing = 0;
		};
/* End PBXSourcesBuildPhase section */

/* Begin PBXTargetDependency section */
		62B04C24225B7E47006553F9 /* PBXTargetDependency */ = {
			isa = PBXTargetDependency;
			target = 62B04C0D225B7E47006553F9 /* navigation2 */;
			targetProxy = 62B04C23225B7E47006553F9 /* PBXContainerItemProxy */;
		};
		62B04C2F225B7E47006553F9 /* PBXTargetDependency */ = {
			isa = PBXTargetDependency;
			target = 62B04C0D225B7E47006553F9 /* navigation2 */;
			targetProxy = 62B04C2E225B7E47006553F9 /* PBXContainerItemProxy */;
		};
/* End PBXTargetDependency section */

/* Begin PBXVariantGroup section */
		62B04C15225B7E47006553F9 /* Main.storyboard */ = {
			isa = PBXVariantGroup;
			children = (
				62B04C16225B7E47006553F9 /* Base */,
			);
			name = Main.storyboard;
			sourceTree = "<group>";
		};
		62B04C1A225B7E47006553F9 /* LaunchScreen.storyboard */ = {
			isa = PBXVariantGroup;
			children = (
				62B04C1B225B7E47006553F9 /* Base */,
			);
			name = LaunchScreen.storyboard;
			sourceTree = "<group>";
		};
/* End PBXVariantGroup section */

/* Begin XCBuildConfiguration section */
		62B04C34225B7E47006553F9 /* Debug */ = {
			isa = XCBuildConfiguration;
			buildSettings = {
				ALWAYS_SEARCH_USER_PATHS = NO;
				CLANG_ANALYZER_NONNULL = YES;
				CLANG_ANALYZER_NUMBER_OBJECT_CONVERSION = YES_AGGRESSIVE;
				CLANG_CXX_LANGUAGE_STANDARD = "gnu++14";
				CLANG_CXX_LIBRARY = "libc++";
				CLANG_ENABLE_MODULES = YES;
				CLANG_ENABLE_OBJC_ARC = YES;
				CLANG_ENABLE_OBJC_WEAK = YES;
				CLANG_WARN_BLOCK_CAPTURE_AUTORELEASING = YES;
				CLANG_WARN_BOOL_CONVERSION = YES;
				CLANG_WARN_COMMA = YES;
				CLANG_WARN_CONSTANT_CONVERSION = YES;
				CLANG_WARN_DEPRECATED_OBJC_IMPLEMENTATIONS = YES;
				CLANG_WARN_DIRECT_OBJC_ISA_USAGE = YES_ERROR;
				CLANG_WARN_DOCUMENTATION_COMMENTS = YES;
				CLANG_WARN_EMPTY_BODY = YES;
				CLANG_WARN_ENUM_CONVERSION = YES;
				CLANG_WARN_INFINITE_RECURSION = YES;
				CLANG_WARN_INT_CONVERSION = YES;
				CLANG_WARN_NON_LITERAL_NULL_CONVERSION = YES;
				CLANG_WARN_OBJC_IMPLICIT_RETAIN_SELF = YES;
				CLANG_WARN_OBJC_LITERAL_CONVERSION = YES;
				CLANG_WARN_OBJC_ROOT_CLASS = YES_ERROR;
				CLANG_WARN_RANGE_LOOP_ANALYSIS = YES;
				CLANG_WARN_STRICT_PROTOTYPES = YES;
				CLANG_WARN_SUSPICIOUS_MOVE = YES;
				CLANG_WARN_UNGUARDED_AVAILABILITY = YES_AGGRESSIVE;
				CLANG_WARN_UNREACHABLE_CODE = YES;
				CLANG_WARN__DUPLICATE_METHOD_MATCH = YES;
				CODE_SIGN_IDENTITY = "iPhone Developer";
				COPY_PHASE_STRIP = NO;
				DEBUG_INFORMATION_FORMAT = dwarf;
				ENABLE_STRICT_OBJC_MSGSEND = YES;
				ENABLE_TESTABILITY = YES;
				GCC_C_LANGUAGE_STANDARD = gnu11;
				GCC_DYNAMIC_NO_PIC = NO;
				GCC_NO_COMMON_BLOCKS = YES;
				GCC_OPTIMIZATION_LEVEL = 0;
				GCC_PREPROCESSOR_DEFINITIONS = (
					"DEBUG=1",
					"$(inherited)",
				);
				GCC_WARN_64_TO_32_BIT_CONVERSION = YES;
				GCC_WARN_ABOUT_RETURN_TYPE = YES_ERROR;
				GCC_WARN_UNDECLARED_SELECTOR = YES;
				GCC_WARN_UNINITIALIZED_AUTOS = YES_AGGRESSIVE;
				GCC_WARN_UNUSED_FUNCTION = YES;
				GCC_WARN_UNUSED_VARIABLE = YES;
				IPHONEOS_DEPLOYMENT_TARGET = 12.1;
				MTL_ENABLE_DEBUG_INFO = INCLUDE_SOURCE;
				MTL_FAST_MATH = YES;
				ONLY_ACTIVE_ARCH = YES;
				SDKROOT = iphoneos;
				SWIFT_ACTIVE_COMPILATION_CONDITIONS = DEBUG;
				SWIFT_OPTIMIZATION_LEVEL = "-Onone";
			};
			name = Debug;
		};
		62B04C35225B7E47006553F9 /* Release */ = {
			isa = XCBuildConfiguration;
			buildSettings = {
				ALWAYS_SEARCH_USER_PATHS = NO;
				CLANG_ANALYZER_NONNULL = YES;
				CLANG_ANALYZER_NUMBER_OBJECT_CONVERSION = YES_AGGRESSIVE;
				CLANG_CXX_LANGUAGE_STANDARD = "gnu++14";
				CLANG_CXX_LIBRARY = "libc++";
				CLANG_ENABLE_MODULES = YES;
				CLANG_ENABLE_OBJC_ARC = YES;
				CLANG_ENABLE_OBJC_WEAK = YES;
				CLANG_WARN_BLOCK_CAPTURE_AUTORELEASING = YES;
				CLANG_WARN_BOOL_CONVERSION = YES;
				CLANG_WARN_COMMA = YES;
				CLANG_WARN_CONSTANT_CONVERSION = YES;
				CLANG_WARN_DEPRECATED_OBJC_IMPLEMENTATIONS = YES;
				CLANG_WARN_DIRECT_OBJC_ISA_USAGE = YES_ERROR;
				CLANG_WARN_DOCUMENTATION_COMMENTS = YES;
				CLANG_WARN_EMPTY_BODY = YES;
				CLANG_WARN_ENUM_CONVERSION = YES;
				CLANG_WARN_INFINITE_RECURSION = YES;
				CLANG_WARN_INT_CONVERSION = YES;
				CLANG_WARN_NON_LITERAL_NULL_CONVERSION = YES;
				CLANG_WARN_OBJC_IMPLICIT_RETAIN_SELF = YES;
				CLANG_WARN_OBJC_LITERAL_CONVERSION = YES;
				CLANG_WARN_OBJC_ROOT_CLASS = YES_ERROR;
				CLANG_WARN_RANGE_LOOP_ANALYSIS = YES;
				CLANG_WARN_STRICT_PROTOTYPES = YES;
				CLANG_WARN_SUSPICIOUS_MOVE = YES;
				CLANG_WARN_UNGUARDED_AVAILABILITY = YES_AGGRESSIVE;
				CLANG_WARN_UNREACHABLE_CODE = YES;
				CLANG_WARN__DUPLICATE_METHOD_MATCH = YES;
				CODE_SIGN_IDENTITY = "iPhone Developer";
				COPY_PHASE_STRIP = NO;
				DEBUG_INFORMATION_FORMAT = "dwarf-with-dsym";
				ENABLE_NS_ASSERTIONS = NO;
				ENABLE_STRICT_OBJC_MSGSEND = YES;
				GCC_C_LANGUAGE_STANDARD = gnu11;
				GCC_NO_COMMON_BLOCKS = YES;
				GCC_WARN_64_TO_32_BIT_CONVERSION = YES;
				GCC_WARN_ABOUT_RETURN_TYPE = YES_ERROR;
				GCC_WARN_UNDECLARED_SELECTOR = YES;
				GCC_WARN_UNINITIALIZED_AUTOS = YES_AGGRESSIVE;
				GCC_WARN_UNUSED_FUNCTION = YES;
				GCC_WARN_UNUSED_VARIABLE = YES;
				IPHONEOS_DEPLOYMENT_TARGET = 12.1;
				MTL_ENABLE_DEBUG_INFO = NO;
				MTL_FAST_MATH = YES;
				SDKROOT = iphoneos;
				SWIFT_COMPILATION_MODE = wholemodule;
				SWIFT_OPTIMIZATION_LEVEL = "-O";
				VALIDATE_PRODUCT = YES;
			};
			name = Release;
		};
		62B04C37225B7E47006553F9 /* Debug */ = {
			isa = XCBuildConfiguration;
			buildSettings = {
				ASSETCATALOG_COMPILER_APPICON_NAME = AppIcon;
				CODE_SIGN_STYLE = Automatic;
				INFOPLIST_FILE = navigation2/Info.plist;
				LD_RUNPATH_SEARCH_PATHS = (
					"$(inherited)",
					"@executable_path/Frameworks",
				);
				PRODUCT_BUNDLE_IDENTIFIER = peter.navigation2;
				PRODUCT_NAME = "$(TARGET_NAME)";
				SWIFT_VERSION = 4.2;
				TARGETED_DEVICE_FAMILY = "1,2";
			};
			name = Debug;
		};
		62B04C38225B7E47006553F9 /* Release */ = {
			isa = XCBuildConfiguration;
			buildSettings = {
				ASSETCATALOG_COMPILER_APPICON_NAME = AppIcon;
				CODE_SIGN_STYLE = Automatic;
				INFOPLIST_FILE = navigation2/Info.plist;
				LD_RUNPATH_SEARCH_PATHS = (
					"$(inherited)",
					"@executable_path/Frameworks",
				);
				PRODUCT_BUNDLE_IDENTIFIER = peter.navigation2;
				PRODUCT_NAME = "$(TARGET_NAME)";
				SWIFT_VERSION = 4.2;
				TARGETED_DEVICE_FAMILY = "1,2";
			};
			name = Release;
		};
		62B04C3A225B7E47006553F9 /* Debug */ = {
			isa = XCBuildConfiguration;
			buildSettings = {
				ALWAYS_EMBED_SWIFT_STANDARD_LIBRARIES = YES;
				BUNDLE_LOADER = "$(TEST_HOST)";
				CODE_SIGN_STYLE = Automatic;
				INFOPLIST_FILE = navigation2Tests/Info.plist;
				LD_RUNPATH_SEARCH_PATHS = (
					"$(inherited)",
					"@executable_path/Frameworks",
					"@loader_path/Frameworks",
				);
				PRODUCT_BUNDLE_IDENTIFIER = peter.navigation2Tests;
				PRODUCT_NAME = "$(TARGET_NAME)";
				SWIFT_VERSION = 4.2;
				TARGETED_DEVICE_FAMILY = "1,2";
				TEST_HOST = "$(BUILT_PRODUCTS_DIR)/navigation2.app/navigation2";
			};
			name = Debug;
		};
		62B04C3B225B7E47006553F9 /* Release */ = {
			isa = XCBuildConfiguration;
			buildSettings = {
				ALWAYS_EMBED_SWIFT_STANDARD_LIBRARIES = YES;
				BUNDLE_LOADER = "$(TEST_HOST)";
				CODE_SIGN_STYLE = Automatic;
				INFOPLIST_FILE = navigation2Tests/Info.plist;
				LD_RUNPATH_SEARCH_PATHS = (
					"$(inherited)",
					"@executable_path/Frameworks",
					"@loader_path/Frameworks",
				);
				PRODUCT_BUNDLE_IDENTIFIER = peter.navigation2Tests;
				PRODUCT_NAME = "$(TARGET_NAME)";
				SWIFT_VERSION = 4.2;
				TARGETED_DEVICE_FAMILY = "1,2";
				TEST_HOST = "$(BUILT_PRODUCTS_DIR)/navigation2.app/navigation2";
			};
			name = Release;
		};
		62B04C3D225B7E47006553F9 /* Debug */ = {
			isa = XCBuildConfiguration;
			buildSettings = {
				ALWAYS_EMBED_SWIFT_STANDARD_LIBRARIES = YES;
				CODE_SIGN_STYLE = Automatic;
				INFOPLIST_FILE = navigation2UITests/Info.plist;
				LD_RUNPATH_SEARCH_PATHS = (
					"$(inherited)",
					"@executable_path/Frameworks",
					"@loader_path/Frameworks",
				);
				PRODUCT_BUNDLE_IDENTIFIER = peter.navigation2UITests;
				PRODUCT_NAME = "$(TARGET_NAME)";
				SWIFT_VERSION = 4.2;
				TARGETED_DEVICE_FAMILY = "1,2";
				TEST_TARGET_NAME = navigation2;
			};
			name = Debug;
		};
		62B04C3E225B7E47006553F9 /* Release */ = {
			isa = XCBuildConfiguration;
			buildSettings = {
				ALWAYS_EMBED_SWIFT_STANDARD_LIBRARIES = YES;
				CODE_SIGN_STYLE = Automatic;
				INFOPLIST_FILE = navigation2UITests/Info.plist;
				LD_RUNPATH_SEARCH_PATHS = (
					"$(inherited)",
					"@executable_path/Frameworks",
					"@loader_path/Frameworks",
				);
				PRODUCT_BUNDLE_IDENTIFIER = peter.navigation2UITests;
				PRODUCT_NAME = "$(TARGET_NAME)";
				SWIFT_VERSION = 4.2;
				TARGETED_DEVICE_FAMILY = "1,2";
				TEST_TARGET_NAME = navigation2;
			};
			name = Release;
		};
/* End XCBuildConfiguration section */

/* Begin XCConfigurationList section */
		62B04C09225B7E47006553F9 /* Build configuration list for PBXProject "navigation2" */ = {
			isa = XCConfigurationList;
			buildConfigurations = (
				62B04C34225B7E47006553F9 /* Debug */,
				62B04C35225B7E47006553F9 /* Release */,
			);
			defaultConfigurationIsVisible = 0;
			defaultConfigurationName = Release;
		};
		62B04C36225B7E47006553F9 /* Build configuration list for PBXNativeTarget "navigation2" */ = {
			isa = XCConfigurationList;
			buildConfigurations = (
				62B04C37225B7E47006553F9 /* Debug */,
				62B04C38225B7E47006553F9 /* Release */,
			);
			defaultConfigurationIsVisible = 0;
			defaultConfigurationName = Release;
		};
		62B04C39225B7E47006553F9 /* Build configuration list for PBXNativeTarget "navigation2Tests" */ = {
			isa = XCConfigurationList;
			buildConfigurations = (
				62B04C3A225B7E47006553F9 /* Debug */,
				62B04C3B225B7E47006553F9 /* Release */,
			);
			defaultConfigurationIsVisible = 0;
			defaultConfigurationName = Release;
		};
		62B04C3C225B7E47006553F9 /* Build configuration list for PBXNativeTarget "navigation2UITests" */ = {
			isa = XCConfigurationList;
			buildConfigurations = (
				62B04C3D225B7E47006553F9 /* Debug */,
				62B04C3E225B7E47006553F9 /* Release */,
			);
			defaultConfigurationIsVisible = 0;
			defaultConfigurationName = Release;
		};
/* End XCConfigurationList section */
	};
	rootObject = 62B04C06225B7E47006553F9 /* Project object */;
}
