// !$*UTF8*$!
{
	archiveVersion = 1;
	classes = {
	};
	objectVersion = 50;
	objects = {

/* Begin PBXBuildFile section */
		625D581B2265ADFA007DE90F /* PokedexCell.xib in Resources */ = {isa = PBXBuildFile; fileRef = 625D581A2265ADFA007DE90F /* PokedexCell.xib */; };
		625D581D2265AE10007DE90F /* PokedexCell.swift in Sources */ = {isa = PBXBuildFile; fileRef = 625D581C2265AE10007DE90F /* PokedexCell.swift */; };
		62926EB72264A208001DCD15 /* AppDelegate.swift in Sources */ = {isa = PBXBuildFile; fileRef = 62926EB62264A208001DCD15 /* AppDelegate.swift */; };
		62926EB92264A208001DCD15 /* PokedexController.swift in Sources */ = {isa = PBXBuildFile; fileRef = 62926EB82264A208001DCD15 /* PokedexController.swift */; };
		62926EBC2264A208001DCD15 /* Main.storyboard in Resources */ = {isa = PBXBuildFile; fileRef = 62926EBA2264A208001DCD15 /* Main.storyboard */; };
		62926EBE2264A209001DCD15 /* Assets.xcassets in Resources */ = {isa = PBXBuildFile; fileRef = 62926EBD2264A209001DCD15 /* Assets.xcassets */; };
		62926EC12264A209001DCD15 /* LaunchScreen.storyboard in Resources */ = {isa = PBXBuildFile; fileRef = 62926EBF2264A209001DCD15 /* LaunchScreen.storyboard */; };
		62926EC92264A3F5001DCD15 /* PokemonController.swift in Sources */ = {isa = PBXBuildFile; fileRef = 62926EC82264A3F5001DCD15 /* PokemonController.swift */; };
		62926ECB2264A677001DCD15 /* Pokedex.swift in Sources */ = {isa = PBXBuildFile; fileRef = 62926ECA2264A677001DCD15 /* Pokedex.swift */; };
		62926ECD2264A684001DCD15 /* Pokemon.swift in Sources */ = {isa = PBXBuildFile; fileRef = 62926ECC2264A684001DCD15 /* Pokemon.swift */; };
		62926ECF2264B3CE001DCD15 /* RequestManager.swift in Sources */ = {isa = PBXBuildFile; fileRef = 62926ECE2264B3CE001DCD15 /* RequestManager.swift */; };
		62926ED12264B477001DCD15 /* PokemonDetails.swift in Sources */ = {isa = PBXBuildFile; fileRef = 62926ED02264B477001DCD15 /* PokemonDetails.swift */; };
		D05EEF0DB61F8FFBA9EEEB08 /* Pods_Pokedex.framework in Frameworks */ = {isa = PBXBuildFile; fileRef = 51BEF999A6F709B5F9A1A033 /* Pods_Pokedex.framework */; };
/* End PBXBuildFile section */

/* Begin PBXFileReference section */
		0970AD6E68718FCD7A245473 /* Pods-Pokedex.debug.xcconfig */ = {isa = PBXFileReference; includeInIndex = 1; lastKnownFileType = text.xcconfig; name = "Pods-Pokedex.debug.xcconfig"; path = "Target Support Files/Pods-Pokedex/Pods-Pokedex.debug.xcconfig"; sourceTree = "<group>"; };
		51BEF999A6F709B5F9A1A033 /* Pods_Pokedex.framework */ = {isa = PBXFileReference; explicitFileType = wrapper.framework; includeInIndex = 0; path = Pods_Pokedex.framework; sourceTree = BUILT_PRODUCTS_DIR; };
		625D581A2265ADFA007DE90F /* PokedexCell.xib */ = {isa = PBXFileReference; lastKnownFileType = file.xib; path = PokedexCell.xib; sourceTree = "<group>"; };
		625D581C2265AE10007DE90F /* PokedexCell.swift */ = {isa = PBXFileReference; lastKnownFileType = sourcecode.swift; path = PokedexCell.swift; sourceTree = "<group>"; };
		62926EB32264A208001DCD15 /* Pokedex.app */ = {isa = PBXFileReference; explicitFileType = wrapper.application; includeInIndex = 0; path = Pokedex.app; sourceTree = BUILT_PRODUCTS_DIR; };
		62926EB62264A208001DCD15 /* AppDelegate.swift */ = {isa = PBXFileReference; lastKnownFileType = sourcecode.swift; path = AppDelegate.swift; sourceTree = "<group>"; };
		62926EB82264A208001DCD15 /* PokedexController.swift */ = {isa = PBXFileReference; lastKnownFileType = sourcecode.swift; path = PokedexController.swift; sourceTree = "<group>"; };
		62926EBB2264A208001DCD15 /* Base */ = {isa = PBXFileReference; lastKnownFileType = file.storyboard; name = Base; path = Base.lproj/Main.storyboard; sourceTree = "<group>"; };
		62926EBD2264A209001DCD15 /* Assets.xcassets */ = {isa = PBXFileReference; lastKnownFileType = folder.assetcatalog; path = Assets.xcassets; sourceTree = "<group>"; };
		62926EC02264A209001DCD15 /* Base */ = {isa = PBXFileReference; lastKnownFileType = file.storyboard; name = Base; path = Base.lproj/LaunchScreen.storyboard; sourceTree = "<group>"; };
		62926EC22264A209001DCD15 /* Info.plist */ = {isa = PBXFileReference; lastKnownFileType = text.plist.xml; path = Info.plist; sourceTree = "<group>"; };
		62926EC82264A3F5001DCD15 /* PokemonController.swift */ = {isa = PBXFileReference; lastKnownFileType = sourcecode.swift; path = PokemonController.swift; sourceTree = "<group>"; };
		62926ECA2264A677001DCD15 /* Pokedex.swift */ = {isa = PBXFileReference; lastKnownFileType = sourcecode.swift; path = Pokedex.swift; sourceTree = "<group>"; };
		62926ECC2264A684001DCD15 /* Pokemon.swift */ = {isa = PBXFileReference; lastKnownFileType = sourcecode.swift; path = Pokemon.swift; sourceTree = "<group>"; };
		62926ECE2264B3CE001DCD15 /* RequestManager.swift */ = {isa = PBXFileReference; lastKnownFileType = sourcecode.swift; path = RequestManager.swift; sourceTree = "<group>"; };
		62926ED02264B477001DCD15 /* PokemonDetails.swift */ = {isa = PBXFileReference; lastKnownFileType = sourcecode.swift; path = PokemonDetails.swift; sourceTree = "<group>"; };
		C53AD26DCF7A15ACDCA002B5 /* Pods-Pokedex.release.xcconfig */ = {isa = PBXFileReference; includeInIndex = 1; lastKnownFileType = text.xcconfig; name = "Pods-Pokedex.release.xcconfig"; path = "Target Support Files/Pods-Pokedex/Pods-Pokedex.release.xcconfig"; sourceTree = "<group>"; };
/* End PBXFileReference section */

/* Begin PBXFrameworksBuildPhase section */
		62926EB02264A208001DCD15 /* Frameworks */ = {
			isa = PBXFrameworksBuildPhase;
			buildActionMask = 2147483647;
			files = (
				D05EEF0DB61F8FFBA9EEEB08 /* Pods_Pokedex.framework in Frameworks */,
			);
			runOnlyForDeploymentPostprocessing = 0;
		};
/* End PBXFrameworksBuildPhase section */

/* Begin PBXGroup section */
		2E31B4AC7EAA48C52C655F5B /* Pods */ = {
			isa = PBXGroup;
			children = (
				0970AD6E68718FCD7A245473 /* Pods-Pokedex.debug.xcconfig */,
				C53AD26DCF7A15ACDCA002B5 /* Pods-Pokedex.release.xcconfig */,
			);
			path = Pods;
			sourceTree = "<group>";
		};
		62926EAA2264A208001DCD15 = {
			isa = PBXGroup;
			children = (
				62926EB52264A208001DCD15 /* Pokedex */,
				62926EB42264A208001DCD15 /* Products */,
				2E31B4AC7EAA48C52C655F5B /* Pods */,
				9C4887F0C0F040F3DBB0C0C9 /* Frameworks */,
			);
			sourceTree = "<group>";
		};
		62926EB42264A208001DCD15 /* Products */ = {
			isa = PBXGroup;
			children = (
				62926EB32264A208001DCD15 /* Pokedex.app */,
			);
			name = Products;
			sourceTree = "<group>";
		};
		62926EB52264A208001DCD15 /* Pokedex */ = {
			isa = PBXGroup;
			children = (
				62926EB62264A208001DCD15 /* AppDelegate.swift */,
				62926EB82264A208001DCD15 /* PokedexController.swift */,
				625D581A2265ADFA007DE90F /* PokedexCell.xib */,
				625D581C2265AE10007DE90F /* PokedexCell.swift */,
				62926EC82264A3F5001DCD15 /* PokemonController.swift */,
				62926EBA2264A208001DCD15 /* Main.storyboard */,
				62926EBD2264A209001DCD15 /* Assets.xcassets */,
				62926EBF2264A209001DCD15 /* LaunchScreen.storyboard */,
				62926EC22264A209001DCD15 /* Info.plist */,
				62926ECA2264A677001DCD15 /* Pokedex.swift */,
				62926ED02264B477001DCD15 /* PokemonDetails.swift */,
				62926ECE2264B3CE001DCD15 /* RequestManager.swift */,
				62926ECC2264A684001DCD15 /* Pokemon.swift */,
			);
			path = Pokedex;
			sourceTree = "<group>";
		};
		9C4887F0C0F040F3DBB0C0C9 /* Frameworks */ = {
			isa = PBXGroup;
			children = (
				51BEF999A6F709B5F9A1A033 /* Pods_Pokedex.framework */,
			);
			name = Frameworks;
			sourceTree = "<group>";
		};
/* End PBXGroup section */

/* Begin PBXNativeTarget section */
		62926EB22264A208001DCD15 /* Pokedex */ = {
			isa = PBXNativeTarget;
			buildConfigurationList = 62926EC52264A209001DCD15 /* Build configuration list for PBXNativeTarget "Pokedex" */;
			buildPhases = (
				02971F9D7B3F6009A1141CC5 /* [CP] Check Pods Manifest.lock */,
				62926EAF2264A208001DCD15 /* Sources */,
				62926EB02264A208001DCD15 /* Frameworks */,
				62926EB12264A208001DCD15 /* Resources */,
				8FCDFA1F4116FA54631F28A1 /* [CP] Embed Pods Frameworks */,
			);
			buildRules = (
			);
			dependencies = (
			);
			name = Pokedex;
			productName = Pokedex;
			productReference = 62926EB32264A208001DCD15 /* Pokedex.app */;
			productType = "com.apple.product-type.application";
		};
/* End PBXNativeTarget section */

/* Begin PBXProject section */
		62926EAB2264A208001DCD15 /* Project object */ = {
			isa = PBXProject;
			attributes = {
				LastSwiftUpdateCheck = 1010;
				LastUpgradeCheck = 1010;
				ORGANIZATIONNAME = efrei;
				TargetAttributes = {
					62926EB22264A208001DCD15 = {
						CreatedOnToolsVersion = 10.1;
					};
				};
			};
			buildConfigurationList = 62926EAE2264A208001DCD15 /* Build configuration list for PBXProject "Pokedex" */;
			compatibilityVersion = "Xcode 9.3";
			developmentRegion = en;
			hasScannedForEncodings = 0;
			knownRegions = (
				en,
				Base,
			);
			mainGroup = 62926EAA2264A208001DCD15;
			productRefGroup = 62926EB42264A208001DCD15 /* Products */;
			projectDirPath = "";
			projectRoot = "";
			targets = (
				62926EB22264A208001DCD15 /* Pokedex */,
			);
		};
/* End PBXProject section */

/* Begin PBXResourcesBuildPhase section */
		62926EB12264A208001DCD15 /* Resources */ = {
			isa = PBXResourcesBuildPhase;
			buildActionMask = 2147483647;
			files = (
				625D581B2265ADFA007DE90F /* PokedexCell.xib in Resources */,
				62926EC12264A209001DCD15 /* LaunchScreen.storyboard in Resources */,
				62926EBE2264A209001DCD15 /* Assets.xcassets in Resources */,
				62926EBC2264A208001DCD15 /* Main.storyboard in Resources */,
			);
			runOnlyForDeploymentPostprocessing = 0;
		};
/* End PBXResourcesBuildPhase section */

/* Begin PBXShellScriptBuildPhase section */
		02971F9D7B3F6009A1141CC5 /* [CP] Check Pods Manifest.lock */ = {
			isa = PBXShellScriptBuildPhase;
			buildActionMask = 2147483647;
			files = (
			);
			inputFileListPaths = (
			);
			inputPaths = (
				"${PODS_PODFILE_DIR_PATH}/Podfile.lock",
				"${PODS_ROOT}/Manifest.lock",
			);
			name = "[CP] Check Pods Manifest.lock";
			outputFileListPaths = (
			);
			outputPaths = (
				"$(DERIVED_FILE_DIR)/Pods-Pokedex-checkManifestLockResult.txt",
			);
			runOnlyForDeploymentPostprocessing = 0;
			shellPath = /bin/sh;
			shellScript = "diff \"${PODS_PODFILE_DIR_PATH}/Podfile.lock\" \"${PODS_ROOT}/Manifest.lock\" > /dev/null\nif [ $? != 0 ] ; then\n    # print error to STDERR\n    echo \"error: The sandbox is not in sync with the Podfile.lock. Run 'pod install' or update your CocoaPods installation.\" >&2\n    exit 1\nfi\n# This output is used by Xcode 'outputs' to avoid re-running this script phase.\necho \"SUCCESS\" > \"${SCRIPT_OUTPUT_FILE_0}\"\n";
			showEnvVarsInLog = 0;
		};
		8FCDFA1F4116FA54631F28A1 /* [CP] Embed Pods Frameworks */ = {
			isa = PBXShellScriptBuildPhase;
			buildActionMask = 2147483647;
			files = (
			);
			inputFileListPaths = (
			);
			inputPaths = (
				"${PODS_ROOT}/Target Support Files/Pods-Pokedex/Pods-Pokedex-frameworks.sh",
				"${BUILT_PRODUCTS_DIR}/Alamofire/Alamofire.framework",
				"${BUILT_PRODUCTS_DIR}/IQKeyboardManager/IQKeyboardManager.framework",
				"${BUILT_PRODUCTS_DIR}/SDWebImage/SDWebImage.framework",
			);
			name = "[CP] Embed Pods Frameworks";
			outputFileListPaths = (
			);
			outputPaths = (
				"${TARGET_BUILD_DIR}/${FRAMEWORKS_FOLDER_PATH}/Alamofire.framework",
				"${TARGET_BUILD_DIR}/${FRAMEWORKS_FOLDER_PATH}/IQKeyboardManager.framework",
				"${TARGET_BUILD_DIR}/${FRAMEWORKS_FOLDER_PATH}/SDWebImage.framework",
			);
			runOnlyForDeploymentPostprocessing = 0;
			shellPath = /bin/sh;
			shellScript = "\"${PODS_ROOT}/Target Support Files/Pods-Pokedex/Pods-Pokedex-frameworks.sh\"\n";
			showEnvVarsInLog = 0;
		};
/* End PBXShellScriptBuildPhase section */

/* Begin PBXSourcesBuildPhase section */
		62926EAF2264A208001DCD15 /* Sources */ = {
			isa = PBXSourcesBuildPhase;
			buildActionMask = 2147483647;
			files = (
				62926ED12264B477001DCD15 /* PokemonDetails.swift in Sources */,
				62926ECD2264A684001DCD15 /* Pokemon.swift in Sources */,
				62926ECB2264A677001DCD15 /* Pokedex.swift in Sources */,
				62926EB92264A208001DCD15 /* PokedexController.swift in Sources */,
				625D581D2265AE10007DE90F /* PokedexCell.swift in Sources */,
				62926ECF2264B3CE001DCD15 /* RequestManager.swift in Sources */,
				62926EB72264A208001DCD15 /* AppDelegate.swift in Sources */,
				62926EC92264A3F5001DCD15 /* PokemonController.swift in Sources */,
			);
			runOnlyForDeploymentPostprocessing = 0;
		};
/* End PBXSourcesBuildPhase section */

/* Begin PBXVariantGroup section */
		62926EBA2264A208001DCD15 /* Main.storyboard */ = {
			isa = PBXVariantGroup;
			children = (
				62926EBB2264A208001DCD15 /* Base */,
			);
			name = Main.storyboard;
			sourceTree = "<group>";
		};
		62926EBF2264A209001DCD15 /* LaunchScreen.storyboard */ = {
			isa = PBXVariantGroup;
			children = (
				62926EC02264A209001DCD15 /* Base */,
			);
			name = LaunchScreen.storyboard;
			sourceTree = "<group>";
		};
/* End PBXVariantGroup section */

/* Begin XCBuildConfiguration section */
		62926EC32264A209001DCD15 /* Debug */ = {
			isa = XCBuildConfiguration;
			buildSettings = {
				ALWAYS_SEARCH_USER_PATHS = NO;
				CLANG_ANALYZER_NONNULL = YES;
				CLANG_ANALYZER_NUMBER_OBJECT_CONVERSION = YES_AGGRESSIVE;
				CLANG_CXX_LANGUAGE_STANDARD = "gnu++14";
				CLANG_CXX_LIBRARY = "libc++";
				CLANG_ENABLE_MODULES = YES;
				CLANG_ENABLE_OBJC_ARC = YES;
				CLANG_ENABLE_OBJC_WEAK = YES;
				CLANG_WARN_BLOCK_CAPTURE_AUTORELEASING = YES;
				CLANG_WARN_BOOL_CONVERSION = YES;
				CLANG_WARN_COMMA = YES;
				CLANG_WARN_CONSTANT_CONVERSION = YES;
				CLANG_WARN_DEPRECATED_OBJC_IMPLEMENTATIONS = YES;
				CLANG_WARN_DIRECT_OBJC_ISA_USAGE = YES_ERROR;
				CLANG_WARN_DOCUMENTATION_COMMENTS = YES;
				CLANG_WARN_EMPTY_BODY = YES;
				CLANG_WARN_ENUM_CONVERSION = YES;
				CLANG_WARN_INFINITE_RECURSION = YES;
				CLANG_WARN_INT_CONVERSION = YES;
				CLANG_WARN_NON_LITERAL_NULL_CONVERSION = YES;
				CLANG_WARN_OBJC_IMPLICIT_RETAIN_SELF = YES;
				CLANG_WARN_OBJC_LITERAL_CONVERSION = YES;
				CLANG_WARN_OBJC_ROOT_CLASS = YES_ERROR;
				CLANG_WARN_RANGE_LOOP_ANALYSIS = YES;
				CLANG_WARN_STRICT_PROTOTYPES = YES;
				CLANG_WARN_SUSPICIOUS_MOVE = YES;
				CLANG_WARN_UNGUARDED_AVAILABILITY = YES_AGGRESSIVE;
				CLANG_WARN_UNREACHABLE_CODE = YES;
				CLANG_WARN__DUPLICATE_METHOD_MATCH = YES;
				CODE_SIGN_IDENTITY = "iPhone Developer";
				COPY_PHASE_STRIP = NO;
				DEBUG_INFORMATION_FORMAT = dwarf;
				ENABLE_STRICT_OBJC_MSGSEND = YES;
				ENABLE_TESTABILITY = YES;
				GCC_C_LANGUAGE_STANDARD = gnu11;
				GCC_DYNAMIC_NO_PIC = NO;
				GCC_NO_COMMON_BLOCKS = YES;
				GCC_OPTIMIZATION_LEVEL = 0;
				GCC_PREPROCESSOR_DEFINITIONS = (
					"DEBUG=1",
					"$(inherited)",
				);
				GCC_WARN_64_TO_32_BIT_CONVERSION = YES;
				GCC_WARN_ABOUT_RETURN_TYPE = YES_ERROR;
				GCC_WARN_UNDECLARED_SELECTOR = YES;
				GCC_WARN_UNINITIALIZED_AUTOS = YES_AGGRESSIVE;
				GCC_WARN_UNUSED_FUNCTION = YES;
				GCC_WARN_UNUSED_VARIABLE = YES;
				IPHONEOS_DEPLOYMENT_TARGET = 12.1;
				MTL_ENABLE_DEBUG_INFO = INCLUDE_SOURCE;
				MTL_FAST_MATH = YES;
				ONLY_ACTIVE_ARCH = YES;
				SDKROOT = iphoneos;
				SWIFT_ACTIVE_COMPILATION_CONDITIONS = DEBUG;
				SWIFT_OPTIMIZATION_LEVEL = "-Onone";
			};
			name = Debug;
		};
		62926EC42264A209001DCD15 /* Release */ = {
			isa = XCBuildConfiguration;
			buildSettings = {
				ALWAYS_SEARCH_USER_PATHS = NO;
				CLANG_ANALYZER_NONNULL = YES;
				CLANG_ANALYZER_NUMBER_OBJECT_CONVERSION = YES_AGGRESSIVE;
				CLANG_CXX_LANGUAGE_STANDARD = "gnu++14";
				CLANG_CXX_LIBRARY = "libc++";
				CLANG_ENABLE_MODULES = YES;
				CLANG_ENABLE_OBJC_ARC = YES;
				CLANG_ENABLE_OBJC_WEAK = YES;
				CLANG_WARN_BLOCK_CAPTURE_AUTORELEASING = YES;
				CLANG_WARN_BOOL_CONVERSION = YES;
				CLANG_WARN_COMMA = YES;
				CLANG_WARN_CONSTANT_CONVERSION = YES;
				CLANG_WARN_DEPRECATED_OBJC_IMPLEMENTATIONS = YES;
				CLANG_WARN_DIRECT_OBJC_ISA_USAGE = YES_ERROR;
				CLANG_WARN_DOCUMENTATION_COMMENTS = YES;
				CLANG_WARN_EMPTY_BODY = YES;
				CLANG_WARN_ENUM_CONVERSION = YES;
				CLANG_WARN_INFINITE_RECURSION = YES;
				CLANG_WARN_INT_CONVERSION = YES;
				CLANG_WARN_NON_LITERAL_NULL_CONVERSION = YES;
				CLANG_WARN_OBJC_IMPLICIT_RETAIN_SELF = YES;
				CLANG_WARN_OBJC_LITERAL_CONVERSION = YES;
				CLANG_WARN_OBJC_ROOT_CLASS = YES_ERROR;
				CLANG_WARN_RANGE_LOOP_ANALYSIS = YES;
				CLANG_WARN_STRICT_PROTOTYPES = YES;
				CLANG_WARN_SUSPICIOUS_MOVE = YES;
				CLANG_WARN_UNGUARDED_AVAILABILITY = YES_AGGRESSIVE;
				CLANG_WARN_UNREACHABLE_CODE = YES;
				CLANG_WARN__DUPLICATE_METHOD_MATCH = YES;
				CODE_SIGN_IDENTITY = "iPhone Developer";
				COPY_PHASE_STRIP = NO;
				DEBUG_INFORMATION_FORMAT = "dwarf-with-dsym";
				ENABLE_NS_ASSERTIONS = NO;
				ENABLE_STRICT_OBJC_MSGSEND = YES;
				GCC_C_LANGUAGE_STANDARD = gnu11;
				GCC_NO_COMMON_BLOCKS = YES;
				GCC_WARN_64_TO_32_BIT_CONVERSION = YES;
				GCC_WARN_ABOUT_RETURN_TYPE = YES_ERROR;
				GCC_WARN_UNDECLARED_SELECTOR = YES;
				GCC_WARN_UNINITIALIZED_AUTOS = YES_AGGRESSIVE;
				GCC_WARN_UNUSED_FUNCTION = YES;
				GCC_WARN_UNUSED_VARIABLE = YES;
				IPHONEOS_DEPLOYMENT_TARGET = 12.1;
				MTL_ENABLE_DEBUG_INFO = NO;
				MTL_FAST_MATH = YES;
				SDKROOT = iphoneos;
				SWIFT_COMPILATION_MODE = wholemodule;
				SWIFT_OPTIMIZATION_LEVEL = "-O";
				VALIDATE_PRODUCT = YES;
			};
			name = Release;
		};
		62926EC62264A209001DCD15 /* Debug */ = {
			isa = XCBuildConfiguration;
			baseConfigurationReference = 0970AD6E68718FCD7A245473 /* Pods-Pokedex.debug.xcconfig */;
			buildSettings = {
				ASSETCATALOG_COMPILER_APPICON_NAME = AppIcon;
				CODE_SIGN_STYLE = Automatic;
				INFOPLIST_FILE = Pokedex/Info.plist;
				LD_RUNPATH_SEARCH_PATHS = (
					"$(inherited)",
					"@executable_path/Frameworks",
				);
				PRODUCT_BUNDLE_IDENTIFIER = peter.Pokedex;
				PRODUCT_NAME = "$(TARGET_NAME)";
				SWIFT_VERSION = 4.2;
				TARGETED_DEVICE_FAMILY = "1,2";
			};
			name = Debug;
		};
		62926EC72264A209001DCD15 /* Release */ = {
			isa = XCBuildConfiguration;
			baseConfigurationReference = C53AD26DCF7A15ACDCA002B5 /* Pods-Pokedex.release.xcconfig */;
			buildSettings = {
				ASSETCATALOG_COMPILER_APPICON_NAME = AppIcon;
				CODE_SIGN_STYLE = Automatic;
				INFOPLIST_FILE = Pokedex/Info.plist;
				LD_RUNPATH_SEARCH_PATHS = (
					"$(inherited)",
					"@executable_path/Frameworks",
				);
				PRODUCT_BUNDLE_IDENTIFIER = peter.Pokedex;
				PRODUCT_NAME = "$(TARGET_NAME)";
				SWIFT_VERSION = 4.2;
				TARGETED_DEVICE_FAMILY = "1,2";
			};
			name = Release;
		};
/* End XCBuildConfiguration section */

/* Begin XCConfigurationList section */
		62926EAE2264A208001DCD15 /* Build configuration list for PBXProject "Pokedex" */ = {
			isa = XCConfigurationList;
			buildConfigurations = (
				62926EC32264A209001DCD15 /* Debug */,
				62926EC42264A209001DCD15 /* Release */,
			);
			defaultConfigurationIsVisible = 0;
			defaultConfigurationName = Release;
		};
		62926EC52264A209001DCD15 /* Build configuration list for PBXNativeTarget "Pokedex" */ = {
			isa = XCConfigurationList;
			buildConfigurations = (
				62926EC62264A209001DCD15 /* Debug */,
				62926EC72264A209001DCD15 /* Release */,
			);
			defaultConfigurationIsVisible = 0;
			defaultConfigurationName = Release;
		};
/* End XCConfigurationList section */
	};
	rootObject = 62926EAB2264A208001DCD15 /* Project object */;
}
